// !$*UTF8*$!
{
	archiveVersion = 1;
	classes = {
	};
	objectVersion = 46;
	objects = {

/* Begin PBXBuildFile section */
		030404031CDCEB4E00564EE1 /* libSDL_gfx.a in Frameworks */ = {isa = PBXBuildFile; fileRef = 030404021CDCEB3400564EE1 /* libSDL_gfx.a */; };
		030404C91CDCEC4C00564EE1 /* Cousine-Regular.ttf in Resources */ = {isa = PBXBuildFile; fileRef = 030404721CDCEC4C00564EE1 /* Cousine-Regular.ttf */; };
		030404CA1CDCEC4C00564EE1 /* DroidSans.ttf in Resources */ = {isa = PBXBuildFile; fileRef = 030404731CDCEC4C00564EE1 /* DroidSans.ttf */; };
		030404CB1CDCEC4C00564EE1 /* Karla-Regular.ttf in Resources */ = {isa = PBXBuildFile; fileRef = 030404741CDCEC4C00564EE1 /* Karla-Regular.ttf */; };
		030404CC1CDCEC4C00564EE1 /* kenvector_future.ttf in Resources */ = {isa = PBXBuildFile; fileRef = 030404751CDCEC4C00564EE1 /* kenvector_future.ttf */; };
		030404CD1CDCEC4C00564EE1 /* kenvector_future_thin.ttf in Resources */ = {isa = PBXBuildFile; fileRef = 030404761CDCEC4C00564EE1 /* kenvector_future_thin.ttf */; };
		030404CE1CDCEC4C00564EE1 /* ProggyClean.ttf in Resources */ = {isa = PBXBuildFile; fileRef = 030404771CDCEC4C00564EE1 /* ProggyClean.ttf */; };
		030404CF1CDCEC4C00564EE1 /* ProggyTiny.ttf in Resources */ = {isa = PBXBuildFile; fileRef = 030404781CDCEC4C00564EE1 /* ProggyTiny.ttf */; };
		030404D01CDCEC4C00564EE1 /* Raleway-Bold.ttf in Resources */ = {isa = PBXBuildFile; fileRef = 030404791CDCEC4C00564EE1 /* Raleway-Bold.ttf */; };
		030404D11CDCEC4C00564EE1 /* Roboto-Bold.ttf in Resources */ = {isa = PBXBuildFile; fileRef = 0304047A1CDCEC4C00564EE1 /* Roboto-Bold.ttf */; };
		030404D21CDCEC4C00564EE1 /* Roboto-Light.ttf in Resources */ = {isa = PBXBuildFile; fileRef = 0304047B1CDCEC4C00564EE1 /* Roboto-Light.ttf */; };
		030404D31CDCEC4C00564EE1 /* Roboto-Regular.ttf in Resources */ = {isa = PBXBuildFile; fileRef = 0304047C1CDCEC4C00564EE1 /* Roboto-Regular.ttf */; };
		030404D41CDCEC4C00564EE1 /* Readme.md in Sources */ = {isa = PBXBuildFile; fileRef = 0304047E1CDCEC4C00564EE1 /* Readme.md */; };
		030CBD4C1CDF283C003155E2 /* GUI.cpp in Sources */ = {isa = PBXBuildFile; fileRef = 030CBD4A1CDF283C003155E2 /* GUI.cpp */; };
		030CBD711CDF2C1B003155E2 /* index.html in Resources */ = {isa = PBXBuildFile; fileRef = 030CBD531CDF2C1B003155E2 /* index.html */; };
		030CBD721CDF2C1B003155E2 /* license.html in Resources */ = {isa = PBXBuildFile; fileRef = 030CBD541CDF2C1B003155E2 /* license.html */; };
		030CBD731CDF2C1B003155E2 /* luaprofiler.png in Resources */ = {isa = PBXBuildFile; fileRef = 030CBD551CDF2C1B003155E2 /* luaprofiler.png */; };
		030CBD741CDF2C1B003155E2 /* manual.html in Resources */ = {isa = PBXBuildFile; fileRef = 030CBD561CDF2C1B003155E2 /* manual.html */; };
		030CBD751CDF2C1B003155E2 /* Makefile.darwin in Resources */ = {isa = PBXBuildFile; fileRef = 030CBD571CDF2C1B003155E2 /* Makefile.darwin */; };
		030CBD761CDF2C1B003155E2 /* Makefile.linux in Resources */ = {isa = PBXBuildFile; fileRef = 030CBD581CDF2C1B003155E2 /* Makefile.linux */; };
		030CBD771CDF2C1B003155E2 /* Makefile.win in Resources */ = {isa = PBXBuildFile; fileRef = 030CBD591CDF2C1B003155E2 /* Makefile.win */; };
		030CBD781CDF2C1B003155E2 /* README in Resources */ = {isa = PBXBuildFile; fileRef = 030CBD5A1CDF2C1B003155E2 /* README */; };
		030CBD791CDF2C1B003155E2 /* luaprofiler-2.0.1-1.rockspec in Resources */ = {isa = PBXBuildFile; fileRef = 030CBD5C1CDF2C1B003155E2 /* luaprofiler-2.0.1-1.rockspec */; };
		030CBD7A1CDF2C1B003155E2 /* luaprofiler-2.0.2-1.rockspec in Resources */ = {isa = PBXBuildFile; fileRef = 030CBD5D1CDF2C1B003155E2 /* luaprofiler-2.0.2-1.rockspec */; };
		030CBD7B1CDF2C1B003155E2 /* luaprofiler-2.0.2-2.rockspec in Resources */ = {isa = PBXBuildFile; fileRef = 030CBD5E1CDF2C1B003155E2 /* luaprofiler-2.0.2-2.rockspec */; };
		030CBD7C1CDF2C1B003155E2 /* luaprofiler-cvs-1.rockspec in Resources */ = {isa = PBXBuildFile; fileRef = 030CBD5F1CDF2C1B003155E2 /* luaprofiler-cvs-1.rockspec */; };
		030CBD7D1CDF2C1B003155E2 /* summary.lua in Resources */ = {isa = PBXBuildFile; fileRef = 030CBD621CDF2C1B003155E2 /* summary.lua */; };
		030CBD7E1CDF2C1B003155E2 /* clocks.c in Sources */ = {isa = PBXBuildFile; fileRef = 030CBD631CDF2C1B003155E2 /* clocks.c */; };
		030CBD7F1CDF2C1B003155E2 /* core_profiler.c in Sources */ = {isa = PBXBuildFile; fileRef = 030CBD651CDF2C1B003155E2 /* core_profiler.c */; };
		030CBD801CDF2C1B003155E2 /* function_meter.c in Sources */ = {isa = PBXBuildFile; fileRef = 030CBD671CDF2C1B003155E2 /* function_meter.c */; };
		030CBD811CDF2C1B003155E2 /* lua50_profiler.c in Sources */ = {isa = PBXBuildFile; fileRef = 030CBD691CDF2C1B003155E2 /* lua50_profiler.c */; };
		030CBD821CDF2C1B003155E2 /* profiler.def in Resources */ = {isa = PBXBuildFile; fileRef = 030CBD6B1CDF2C1B003155E2 /* profiler.def */; };
		030CBD831CDF2C1B003155E2 /* stack.c in Sources */ = {isa = PBXBuildFile; fileRef = 030CBD6C1CDF2C1B003155E2 /* stack.c */; };
		030E49941C91B80A007360B7 /* Camera.lua in Resources */ = {isa = PBXBuildFile; fileRef = 030E49931C91B80A007360B7 /* Camera.lua */; };
		03210B5A1C7F492800AC515D /* WukongEngine.cpp in Sources */ = {isa = PBXBuildFile; fileRef = 0321064B1C7F492700AC515D /* WukongEngine.cpp */; };
		03210B5B1C7F492800AC515D /* Module.cpp in Sources */ = {isa = PBXBuildFile; fileRef = 0321064F1C7F492700AC515D /* Module.cpp */; };
		03210B5C1C7F492800AC515D /* Object.cpp in Sources */ = {isa = PBXBuildFile; fileRef = 032106511C7F492700AC515D /* Object.cpp */; };
		03210B5D1C7F492800AC515D /* TestService.lua in Resources */ = {isa = PBXBuildFile; fileRef = 032106541C7F492700AC515D /* TestService.lua */; };
		03210B5E1C7F492800AC515D /* lfs.c in Sources */ = {isa = PBXBuildFile; fileRef = 032106571C7F492700AC515D /* lfs.c */; };
		03210B5F1C7F492800AC515D /* MessageLoopModule_LuaBinding.cpp in Sources */ = {isa = PBXBuildFile; fileRef = 0321065B1C7F492700AC515D /* MessageLoopModule_LuaBinding.cpp */; };
		03210B601C7F492800AC515D /* MessageLoopMoudle.cpp in Sources */ = {isa = PBXBuildFile; fileRef = 0321065D1C7F492700AC515D /* MessageLoopMoudle.cpp */; };
		03210B611C7F492800AC515D /* Runtime.cpp in Sources */ = {isa = PBXBuildFile; fileRef = 0321065F1C7F492700AC515D /* Runtime.cpp */; };
		03210B621C7F492800AC515D /* Runtime_LuaBinding.cpp in Sources */ = {isa = PBXBuildFile; fileRef = 032106611C7F492700AC515D /* Runtime_LuaBinding.cpp */; };
		03210B661C7F492800AC515D /* TimeModule.cpp in Sources */ = {isa = PBXBuildFile; fileRef = 0321066B1C7F492700AC515D /* TimeModule.cpp */; };
		03210B671C7F492800AC515D /* TimeModule_LuaBinding.cpp in Sources */ = {isa = PBXBuildFile; fileRef = 0321066D1C7F492700AC515D /* TimeModule_LuaBinding.cpp */; };
		03210B681C7F492800AC515D /* boot.lua in Resources */ = {isa = PBXBuildFile; fileRef = 032106701C7F492700AC515D /* boot.lua */; };
		03210B691C7F492800AC515D /* Class.lua in Resources */ = {isa = PBXBuildFile; fileRef = 032106721C7F492700AC515D /* Class.lua */; };
		03210B6A1C7F492800AC515D /* Object.lua in Resources */ = {isa = PBXBuildFile; fileRef = 032106731C7F492700AC515D /* Object.lua */; };
		03210B6B1C7F492800AC515D /* Behaviour.lua in Resources */ = {isa = PBXBuildFile; fileRef = 032106751C7F492700AC515D /* Behaviour.lua */; };
		03210B6C1C7F492800AC515D /* Component.lua in Resources */ = {isa = PBXBuildFile; fileRef = 032106761C7F492700AC515D /* Component.lua */; };
		03210B6D1C7F492800AC515D /* Continuation.lua in Resources */ = {isa = PBXBuildFile; fileRef = 032106771C7F492700AC515D /* Continuation.lua */; };
		03210B6E1C7F492800AC515D /* Coroutine.lua in Resources */ = {isa = PBXBuildFile; fileRef = 032106781C7F492700AC515D /* Coroutine.lua */; };
		03210B6F1C7F492800AC515D /* Entity.lua in Resources */ = {isa = PBXBuildFile; fileRef = 032106791C7F492700AC515D /* Entity.lua */; };
		03210B701C7F492800AC515D /* GameObject.lua in Resources */ = {isa = PBXBuildFile; fileRef = 0321067A1C7F492700AC515D /* GameObject.lua */; };
		03210B711C7F492800AC515D /* Renderer.lua in Resources */ = {isa = PBXBuildFile; fileRef = 0321067B1C7F492700AC515D /* Renderer.lua */; };
		03210B721C7F492800AC515D /* Service.lua in Resources */ = {isa = PBXBuildFile; fileRef = 0321067C1C7F492700AC515D /* Service.lua */; };
		03210B731C7F492800AC515D /* Sprite.lua in Resources */ = {isa = PBXBuildFile; fileRef = 0321067D1C7F492700AC515D /* Sprite.lua */; };
		03210B761C7F492800AC515D /* IOBuffer.cpp in Sources */ = {isa = PBXBuildFile; fileRef = 032106821C7F492700AC515D /* IOBuffer.cpp */; };
		03210B771C7F492800AC515D /* ConcurrentTaskQueue.cpp in Sources */ = {isa = PBXBuildFile; fileRef = 032106861C7F492700AC515D /* ConcurrentTaskQueue.cpp */; };
		03210B781C7F492800AC515D /* MessageLoop.cpp in Sources */ = {isa = PBXBuildFile; fileRef = 032106881C7F492700AC515D /* MessageLoop.cpp */; };
		03210B7A1C7F492800AC515D /* Task.cpp in Sources */ = {isa = PBXBuildFile; fileRef = 0321068C1C7F492700AC515D /* Task.cpp */; };
		03210B7B1C7F492800AC515D /* Time.cpp in Sources */ = {isa = PBXBuildFile; fileRef = 0321068E1C7F492700AC515D /* Time.cpp */; };
		03210B7C1C7F492800AC515D /* Thread.cpp in Sources */ = {isa = PBXBuildFile; fileRef = 032106911C7F492700AC515D /* Thread.cpp */; };
		03210B7D1C7F492800AC515D /* Endian.cpp in Sources */ = {isa = PBXBuildFile; fileRef = 032106941C7F492700AC515D /* Endian.cpp */; };
		03210B7E1C7F492800AC515D /* IPAddress.cpp in Sources */ = {isa = PBXBuildFile; fileRef = 032106961C7F492700AC515D /* IPAddress.cpp */; };
		03210B7F1C7F492800AC515D /* Packer.cpp in Sources */ = {isa = PBXBuildFile; fileRef = 032106981C7F492700AC515D /* Packer.cpp */; };
		03210B801C7F492800AC515D /* Packet.cpp in Sources */ = {isa = PBXBuildFile; fileRef = 0321069A1C7F492700AC515D /* Packet.cpp */; };
		03210B811C7F492800AC515D /* SKBuffer.cpp in Sources */ = {isa = PBXBuildFile; fileRef = 0321069C1C7F492700AC515D /* SKBuffer.cpp */; };
		03210B821C7F492800AC515D /* TCPSession.cpp in Sources */ = {isa = PBXBuildFile; fileRef = 0321069E1C7F492700AC515D /* TCPSession.cpp */; };
		03210B831C7F492800AC515D /* TCPSocket.cpp in Sources */ = {isa = PBXBuildFile; fileRef = 032106A01C7F492700AC515D /* TCPSocket.cpp */; };
		0321FE761C7F434D00AC515D /* Assets.xcassets in Resources */ = {isa = PBXBuildFile; fileRef = 0321FE751C7F434D00AC515D /* Assets.xcassets */; };
		0321FEA91C7F479D00AC515D /* main.mm in Sources */ = {isa = PBXBuildFile; fileRef = 0321FEA81C7F479D00AC515D /* main.mm */; };
		0321FEB31C7F47D100AC515D /* libSDL2.a in Frameworks */ = {isa = PBXBuildFile; fileRef = 0321FEB01C7F47BD00AC515D /* libSDL2.a */; };
		0321FEB61C7F480000AC515D /* QuartzCore.framework in Frameworks */ = {isa = PBXBuildFile; fileRef = 0321FEB51C7F480000AC515D /* QuartzCore.framework */; };
		0321FEB81C7F480800AC515D /* OpenGLES.framework in Frameworks */ = {isa = PBXBuildFile; fileRef = 0321FEB71C7F480800AC515D /* OpenGLES.framework */; };
		0321FEBA1C7F481600AC515D /* GameController.framework in Frameworks */ = {isa = PBXBuildFile; fileRef = 0321FEB91C7F481600AC515D /* GameController.framework */; };
		0321FEBC1C7F482000AC515D /* CoreGraphics.framework in Frameworks */ = {isa = PBXBuildFile; fileRef = 0321FEBB1C7F482000AC515D /* CoreGraphics.framework */; };
		0321FEBE1C7F482B00AC515D /* CoreMotion.framework in Frameworks */ = {isa = PBXBuildFile; fileRef = 0321FEBD1C7F482B00AC515D /* CoreMotion.framework */; };
		0321FEC01C7F483400AC515D /* AudioToolbox.framework in Frameworks */ = {isa = PBXBuildFile; fileRef = 0321FEBF1C7F483400AC515D /* AudioToolbox.framework */; };
		032F266C1CD5C4A70012E3B0 /* LAudioClip.cpp in Sources */ = {isa = PBXBuildFile; fileRef = 032F266A1CD5C4A70012E3B0 /* LAudioClip.cpp */; };
		032F266F1CD5CB050012E3B0 /* AudioSource.cpp in Sources */ = {isa = PBXBuildFile; fileRef = 032F266D1CD5CB050012E3B0 /* AudioSource.cpp */; };
		032F26721CD5D1AE0012E3B0 /* LAudioSource.cpp in Sources */ = {isa = PBXBuildFile; fileRef = 032F26701CD5D1AE0012E3B0 /* LAudioSource.cpp */; };
		034AED0C1CC7CB5500FE65AB /* Renderer.cpp in Sources */ = {isa = PBXBuildFile; fileRef = 034AED0A1CC7CB5500FE65AB /* Renderer.cpp */; };
		035DE3601C9AF0E60032BE07 /* Matrix3.lua in Resources */ = {isa = PBXBuildFile; fileRef = 035DE35E1C9AF0E60032BE07 /* Matrix3.lua */; };
		035DE3611C9AF0E60032BE07 /* Vector3.lua in Resources */ = {isa = PBXBuildFile; fileRef = 035DE35F1C9AF0E60032BE07 /* Vector3.lua */; };
		03868E391CCFA79100978B51 /* AudioClip.cpp in Sources */ = {isa = PBXBuildFile; fileRef = 03868E371CCFA79100978B51 /* AudioClip.cpp */; };
		039D141B1CB6A5410076AD10 /* explosion.png in Resources */ = {isa = PBXBuildFile; fileRef = 039D14191CB6A5410076AD10 /* explosion.png */; };
		039D141C1CB6A5410076AD10 /* laser.png in Resources */ = {isa = PBXBuildFile; fileRef = 039D141A1CB6A5410076AD10 /* laser.png */; };
		039D141F1CB6AB390076AD10 /* BulletBehaviour.lua in Resources */ = {isa = PBXBuildFile; fileRef = 039D141E1CB6AB390076AD10 /* BulletBehaviour.lua */; };
		03AB8E5E1C8331510054C593 /* libSDL2_image.a in Frameworks */ = {isa = PBXBuildFile; fileRef = 03AB8E5D1C83311E0054C593 /* libSDL2_image.a */; };
		03AB8E6C1C8336E60054C593 /* ImageIO.framework in Frameworks */ = {isa = PBXBuildFile; fileRef = 03AB8E6B1C8336E60054C593 /* ImageIO.framework */; };
		03AB8E6F1C83372F0054C593 /* MobileCoreServices.framework in Frameworks */ = {isa = PBXBuildFile; fileRef = 03AB8E6E1C83372F0054C593 /* MobileCoreServices.framework */; };
		03BB55E51CC13CE4002A642D /* RenderService.lua in Resources */ = {isa = PBXBuildFile; fileRef = 03BB55E41CC13CE4002A642D /* RenderService.lua */; };
		03BD8ECF1CBA1FAF00E2661C /* Ship.lua in Resources */ = {isa = PBXBuildFile; fileRef = 03BD8ECE1CBA1FAF00E2661C /* Ship.lua */; };
		03BD8ED21CBA1FE100E2661C /* mineAnimation.png in Resources */ = {isa = PBXBuildFile; fileRef = 03BD8ED11CBA1FE100E2661C /* mineAnimation.png */; };
		03BD8ED41CBA200200E2661C /* Touch.lua in Resources */ = {isa = PBXBuildFile; fileRef = 03BD8ED31CBA200200E2661C /* Touch.lua */; };
		03BD8ED61CBA235100E2661C /* Background.lua in Resources */ = {isa = PBXBuildFile; fileRef = 03BD8ED51CBA235100E2661C /* Background.lua */; };
		03BD8ED91CBA27D000E2661C /* Enemy.lua in Resources */ = {isa = PBXBuildFile; fileRef = 03BD8ED71CBA27D000E2661C /* Enemy.lua */; };
		03BD8EDA1CBA27D000E2661C /* EnemyBehaviour.lua in Resources */ = {isa = PBXBuildFile; fileRef = 03BD8ED81CBA27D000E2661C /* EnemyBehaviour.lua */; };
		03BD8EDD1CBA72DD00E2661C /* Explosion.lua in Resources */ = {isa = PBXBuildFile; fileRef = 03BD8EDB1CBA72DD00E2661C /* Explosion.lua */; };
		03BD8EDE1CBA72DD00E2661C /* ExplosionBehaviour.lua in Resources */ = {isa = PBXBuildFile; fileRef = 03BD8EDC1CBA72DD00E2661C /* ExplosionBehaviour.lua */; };
		03BFB6931CC9158600832FC9 /* LTexture.cpp in Sources */ = {isa = PBXBuildFile; fileRef = 03BFB6921CC9158600832FC9 /* LTexture.cpp */; };
		03C0DD2F1C818E840009D98F /* Foundation.framework in Frameworks */ = {isa = PBXBuildFile; fileRef = 03C0DD2E1C818E840009D98F /* Foundation.framework */; };
		03C0DD311C818EAF0009D98F /* UIKit.framework in Frameworks */ = {isa = PBXBuildFile; fileRef = 03C0DD301C818EAF0009D98F /* UIKit.framework */; };
		03C0DF771C8208B20009D98F /* liblua.a in Frameworks */ = {isa = PBXBuildFile; fileRef = 03C0DF701C8208690009D98F /* liblua.a */; };
		03C0DF781C8208B20009D98F /* libluasdl2.a in Frameworks */ = {isa = PBXBuildFile; fileRef = 03C0DF761C8208730009D98F /* libluasdl2.a */; };
		03C0DF791C8208B20009D98F /* libuv.a in Frameworks */ = {isa = PBXBuildFile; fileRef = 03C0DF6A1C82085D0009D98F /* libuv.a */; };
		03C241A21CB24F3200942D52 /* AABB.lua in Resources */ = {isa = PBXBuildFile; fileRef = 03C2419C1CB24F3200942D52 /* AABB.lua */; };
		03C241A31CB24F3200942D52 /* BroadPhase.lua in Resources */ = {isa = PBXBuildFile; fileRef = 03C2419D1CB24F3200942D52 /* BroadPhase.lua */; };
		03C241A41CB24F3200942D52 /* DynamicTree.lua in Resources */ = {isa = PBXBuildFile; fileRef = 03C2419E1CB24F3200942D52 /* DynamicTree.lua */; };
		03C241A51CB24F3200942D52 /* TreeNode.lua in Resources */ = {isa = PBXBuildFile; fileRef = 03C2419F1CB24F3200942D52 /* TreeNode.lua */; };
		03C241A61CB24F3200942D52 /* Collision.lua in Resources */ = {isa = PBXBuildFile; fileRef = 03C241A01CB24F3200942D52 /* Collision.lua */; };
		03C241A71CB24F3200942D52 /* Stack.lua in Resources */ = {isa = PBXBuildFile; fileRef = 03C241A11CB24F3200942D52 /* Stack.lua */; };
		03CB95F11CA2E21D00166ACA /* BackgroundBehaviour.lua in Resources */ = {isa = PBXBuildFile; fileRef = 03CB95F01CA2E21D00166ACA /* BackgroundBehaviour.lua */; };
		03CB95F71CA2E5A000166ACA /* bgLayer1.png in Resources */ = {isa = PBXBuildFile; fileRef = 03CB95F31CA2E5A000166ACA /* bgLayer1.png */; };
		03CB95F81CA2E5A000166ACA /* bgLayer2.png in Resources */ = {isa = PBXBuildFile; fileRef = 03CB95F41CA2E5A000166ACA /* bgLayer2.png */; };
		03CB95F91CA2E5A000166ACA /* mainbackground.png in Resources */ = {isa = PBXBuildFile; fileRef = 03CB95F51CA2E5A000166ACA /* mainbackground.png */; };
		03CB95FA1CA2E5A000166ACA /* shipAnimation.png in Resources */ = {isa = PBXBuildFile; fileRef = 03CB95F61CA2E5A000166ACA /* shipAnimation.png */; };
		03DD7A771CB5479E00BAB24A /* BoxCollider.lua in Resources */ = {isa = PBXBuildFile; fileRef = 03DD7A751CB5479E00BAB24A /* BoxCollider.lua */; };
		03DD7A781CB5479E00BAB24A /* Collider.lua in Resources */ = {isa = PBXBuildFile; fileRef = 03DD7A761CB5479E00BAB24A /* Collider.lua */; };
		03DE56961C8DB35B00B2FF61 /* main.lua in Resources */ = {isa = PBXBuildFile; fileRef = 03DE56941C8DB35B00B2FF61 /* main.lua */; };
		03DE56971C8DB35B00B2FF61 /* ShipBehaviour.lua in Resources */ = {isa = PBXBuildFile; fileRef = 03DE56951C8DB35B00B2FF61 /* ShipBehaviour.lua */; };
		03DE569D1C8DB38A00B2FF61 /* Scene.lua in Resources */ = {isa = PBXBuildFile; fileRef = 03DE56991C8DB38A00B2FF61 /* Scene.lua */; };
		03DE569E1C8DB38A00B2FF61 /* WukongEngine.lua in Resources */ = {isa = PBXBuildFile; fileRef = 03DE569A1C8DB38A00B2FF61 /* WukongEngine.lua */; };
		03DE569F1C8DB38A00B2FF61 /* Texture.lua in Resources */ = {isa = PBXBuildFile; fileRef = 03DE569B1C8DB38A00B2FF61 /* Texture.lua */; };
		03DE56A01C8DB38A00B2FF61 /* Transform.lua in Resources */ = {isa = PBXBuildFile; fileRef = 03DE569C1C8DB38A00B2FF61 /* Transform.lua */; };
		03E042921CC672EC009ADA73 /* ResourceModule.cpp in Sources */ = {isa = PBXBuildFile; fileRef = 03E042901CC672EC009ADA73 /* ResourceModule.cpp */; };
		03E042961CC676DD009ADA73 /* Texture.cpp in Sources */ = {isa = PBXBuildFile; fileRef = 03E042941CC676DD009ADA73 /* Texture.cpp */; };
		03E721E71CB7EFF0002F7B92 /* Bullet.lua in Resources */ = {isa = PBXBuildFile; fileRef = 03E721E61CB7EFF0002F7B92 /* Bullet.lua */; };
		03ED9D0C1CD5E64C00162A7A /* AudioModule.cpp in Sources */ = {isa = PBXBuildFile; fileRef = 03ED9D0A1CD5E64C00162A7A /* AudioModule.cpp */; };
		03ED9D0F1CD63E7300162A7A /* AudioModule_LuaBinding.cpp in Sources */ = {isa = PBXBuildFile; fileRef = 03ED9D0D1CD63E7300162A7A /* AudioModule_LuaBinding.cpp */; };
		03ED9D131CD64ED300162A7A /* AudioClip.lua in Resources */ = {isa = PBXBuildFile; fileRef = 03ED9D101CD64ED300162A7A /* AudioClip.lua */; };
		03ED9D141CD64ED300162A7A /* AudioService.lua in Resources */ = {isa = PBXBuildFile; fileRef = 03ED9D111CD64ED300162A7A /* AudioService.lua */; };
		03ED9D151CD64ED300162A7A /* AudioSource.lua in Resources */ = {isa = PBXBuildFile; fileRef = 03ED9D121CD64ED300162A7A /* AudioSource.lua */; };
		03ED9D1A1CD64F9E00162A7A /* explosion.wav in Resources */ = {isa = PBXBuildFile; fileRef = 03ED9D161CD64F9E00162A7A /* explosion.wav */; };
		03ED9D1B1CD64F9E00162A7A /* gameMusic.mp3 in Resources */ = {isa = PBXBuildFile; fileRef = 03ED9D171CD64F9E00162A7A /* gameMusic.mp3 */; };
		03ED9D1C1CD64F9E00162A7A /* laserFire.wav in Resources */ = {isa = PBXBuildFile; fileRef = 03ED9D181CD64F9E00162A7A /* laserFire.wav */; };
		03ED9D1D1CD64F9E00162A7A /* menuMusic.mp3 in Resources */ = {isa = PBXBuildFile; fileRef = 03ED9D191CD64F9E00162A7A /* menuMusic.mp3 */; };
		03F5A8D31CC3D255009ED94F /* libSDL_mixer.a in Frameworks */ = {isa = PBXBuildFile; fileRef = 03F5A89B1CC3C3A9009ED94F /* libSDL_mixer.a */; };
		03F953281CBFD62A007A4126 /* RenderModule.cpp in Sources */ = {isa = PBXBuildFile; fileRef = 03F953261CBFD62A007A4126 /* RenderModule.cpp */; };
		03F9532B1CBFD790007A4126 /* RenderModule_LuaBinding.cpp in Sources */ = {isa = PBXBuildFile; fileRef = 03F953291CBFD790007A4126 /* RenderModule_LuaBinding.cpp */; };
		03FDE8AC1C985B8600A7AF6E /* SpriteRenderer.lua in Resources */ = {isa = PBXBuildFile; fileRef = 03FDE8AB1C985B8600A7AF6E /* SpriteRenderer.lua */; };
/* End PBXBuildFile section */

/* Begin PBXContainerItemProxy section */
		030404011CDCEB3400564EE1 /* PBXContainerItemProxy */ = {
			isa = PBXContainerItemProxy;
			containerPortal = 030403FC1CDCEB3400564EE1 /* SDL_gfx.xcodeproj */;
			proxyType = 2;
			remoteGlobalIDString = 0304034B1CDCE50C00564EE1;
			remoteInfo = SDL_gfx;
		};
		030404041CDCEB5C00564EE1 /* PBXContainerItemProxy */ = {
			isa = PBXContainerItemProxy;
			containerPortal = 030403FC1CDCEB3400564EE1 /* SDL_gfx.xcodeproj */;
			proxyType = 1;
			remoteGlobalIDString = 0304034A1CDCE50C00564EE1;
			remoteInfo = SDL_gfx;
		};
		0321FEAF1C7F47BD00AC515D /* PBXContainerItemProxy */ = {
			isa = PBXContainerItemProxy;
			containerPortal = 0321FEAA1C7F47BD00AC515D /* SDL.xcodeproj */;
			proxyType = 2;
			remoteGlobalIDString = FD6526630DE8FCCB002AD96B;
			remoteInfo = libSDL;
		};
		03AB8E5C1C83311E0054C593 /* PBXContainerItemProxy */ = {
			isa = PBXContainerItemProxy;
			containerPortal = 03AB8E571C83311E0054C593 /* SDL_image.xcodeproj */;
			proxyType = 2;
			remoteGlobalIDString = BE1FA74107AF4C45004B6283;
			remoteInfo = libSDL_image;
		};
		03AB8E5F1C83315A0054C593 /* PBXContainerItemProxy */ = {
			isa = PBXContainerItemProxy;
			containerPortal = 03AB8E571C83311E0054C593 /* SDL_image.xcodeproj */;
			proxyType = 1;
			remoteGlobalIDString = BE1FA72F07AF4C45004B6283;
			remoteInfo = libSDL_image;
		};
		03C0DDBF1C819A530009D98F /* PBXContainerItemProxy */ = {
			isa = PBXContainerItemProxy;
			containerPortal = 0321FEAA1C7F47BD00AC515D /* SDL.xcodeproj */;
			proxyType = 1;
			remoteGlobalIDString = FD6526620DE8FCCB002AD96B;
			remoteInfo = libSDL;
		};
		03C0DF691C82085D0009D98F /* PBXContainerItemProxy */ = {
			isa = PBXContainerItemProxy;
			containerPortal = 03C0DF651C82085D0009D98F /* libuv.xcodeproj */;
			proxyType = 2;
			remoteGlobalIDString = 03C0DDCA1C8204150009D98F;
			remoteInfo = uv;
		};
		03C0DF6F1C8208690009D98F /* PBXContainerItemProxy */ = {
			isa = PBXContainerItemProxy;
			containerPortal = 03C0DF6B1C8208690009D98F /* lua.xcodeproj */;
			proxyType = 2;
			remoteGlobalIDString = 03C0DE7E1C8205C80009D98F;
			remoteInfo = lua;
		};
		03C0DF751C8208730009D98F /* PBXContainerItemProxy */ = {
			isa = PBXContainerItemProxy;
			containerPortal = 03C0DF711C8208730009D98F /* luasdl2.xcodeproj */;
			proxyType = 2;
			remoteGlobalIDString = 03C0DEF61C82063B0009D98F;
			remoteInfo = luasdl2;
		};
		03C0DF7A1C8208C10009D98F /* PBXContainerItemProxy */ = {
			isa = PBXContainerItemProxy;
			containerPortal = 03C0DF711C8208730009D98F /* luasdl2.xcodeproj */;
			proxyType = 1;
			remoteGlobalIDString = 03C0DEF51C82063B0009D98F;
			remoteInfo = luasdl2;
		};
		03C0DF7C1C8208C10009D98F /* PBXContainerItemProxy */ = {
			isa = PBXContainerItemProxy;
			containerPortal = 03C0DF6B1C8208690009D98F /* lua.xcodeproj */;
			proxyType = 1;
			remoteGlobalIDString = 03C0DE7D1C8205C80009D98F;
			remoteInfo = lua;
		};
		03C0DF7E1C8208C10009D98F /* PBXContainerItemProxy */ = {
			isa = PBXContainerItemProxy;
			containerPortal = 03C0DF651C82085D0009D98F /* libuv.xcodeproj */;
			proxyType = 1;
			remoteGlobalIDString = 03C0DDC91C8204150009D98F;
			remoteInfo = uv;
		};
		03F5A89A1CC3C3A9009ED94F /* PBXContainerItemProxy */ = {
			isa = PBXContainerItemProxy;
			containerPortal = 03F5A8951CC3C3A9009ED94F /* SDL_mixer.xcodeproj */;
			proxyType = 2;
			remoteGlobalIDString = BE1FA95407AF96B2004B6283;
			remoteInfo = "Static Library";
		};
		03F5A8CE1CC3D1D5009ED94F /* PBXContainerItemProxy */ = {
			isa = PBXContainerItemProxy;
			containerPortal = 03F5A8951CC3C3A9009ED94F /* SDL_mixer.xcodeproj */;
			proxyType = 1;
			remoteGlobalIDString = BE1FA90707AF96B2004B6283;
			remoteInfo = "Static Library";
		};
/* End PBXContainerItemProxy section */

/* Begin PBXFileReference section */
		030403FC1CDCEB3400564EE1 /* SDL_gfx.xcodeproj */ = {isa = PBXFileReference; lastKnownFileType = "wrapper.pb-project"; name = SDL_gfx.xcodeproj; path = SDL_gfx/SDL_gfx.xcodeproj; sourceTree = "<group>"; };
		030404721CDCEC4C00564EE1 /* Cousine-Regular.ttf */ = {isa = PBXFileReference; lastKnownFileType = file; path = "Cousine-Regular.ttf"; sourceTree = "<group>"; };
		030404731CDCEC4C00564EE1 /* DroidSans.ttf */ = {isa = PBXFileReference; lastKnownFileType = file; path = DroidSans.ttf; sourceTree = "<group>"; };
		030404741CDCEC4C00564EE1 /* Karla-Regular.ttf */ = {isa = PBXFileReference; lastKnownFileType = file; path = "Karla-Regular.ttf"; sourceTree = "<group>"; };
		030404751CDCEC4C00564EE1 /* kenvector_future.ttf */ = {isa = PBXFileReference; lastKnownFileType = file; path = kenvector_future.ttf; sourceTree = "<group>"; };
		030404761CDCEC4C00564EE1 /* kenvector_future_thin.ttf */ = {isa = PBXFileReference; lastKnownFileType = file; path = kenvector_future_thin.ttf; sourceTree = "<group>"; };
		030404771CDCEC4C00564EE1 /* ProggyClean.ttf */ = {isa = PBXFileReference; lastKnownFileType = file; path = ProggyClean.ttf; sourceTree = "<group>"; };
		030404781CDCEC4C00564EE1 /* ProggyTiny.ttf */ = {isa = PBXFileReference; lastKnownFileType = file; path = ProggyTiny.ttf; sourceTree = "<group>"; };
		030404791CDCEC4C00564EE1 /* Raleway-Bold.ttf */ = {isa = PBXFileReference; lastKnownFileType = file; path = "Raleway-Bold.ttf"; sourceTree = "<group>"; };
		0304047A1CDCEC4C00564EE1 /* Roboto-Bold.ttf */ = {isa = PBXFileReference; lastKnownFileType = file; path = "Roboto-Bold.ttf"; sourceTree = "<group>"; };
		0304047B1CDCEC4C00564EE1 /* Roboto-Light.ttf */ = {isa = PBXFileReference; lastKnownFileType = file; path = "Roboto-Light.ttf"; sourceTree = "<group>"; };
		0304047C1CDCEC4C00564EE1 /* Roboto-Regular.ttf */ = {isa = PBXFileReference; lastKnownFileType = file; path = "Roboto-Regular.ttf"; sourceTree = "<group>"; };
		0304047D1CDCEC4C00564EE1 /* nuklear.h */ = {isa = PBXFileReference; fileEncoding = 4; lastKnownFileType = sourcecode.c.h; path = nuklear.h; sourceTree = "<group>"; };
		0304047E1CDCEC4C00564EE1 /* Readme.md */ = {isa = PBXFileReference; fileEncoding = 4; lastKnownFileType = net.daringfireball.markdown; path = Readme.md; sourceTree = "<group>"; };
		030404D61CDCED3F00564EE1 /* nuklear_sdl.h */ = {isa = PBXFileReference; fileEncoding = 4; lastKnownFileType = sourcecode.c.h; path = nuklear_sdl.h; sourceTree = "<group>"; };
		030CBD4A1CDF283C003155E2 /* GUI.cpp */ = {isa = PBXFileReference; fileEncoding = 4; lastKnownFileType = sourcecode.cpp.cpp; path = GUI.cpp; sourceTree = "<group>"; };
		030CBD4B1CDF283C003155E2 /* GUI.h */ = {isa = PBXFileReference; fileEncoding = 4; lastKnownFileType = sourcecode.c.h; path = GUI.h; sourceTree = "<group>"; };
		030CBD531CDF2C1B003155E2 /* index.html */ = {isa = PBXFileReference; fileEncoding = 4; lastKnownFileType = text.html; path = index.html; sourceTree = "<group>"; };
		030CBD541CDF2C1B003155E2 /* license.html */ = {isa = PBXFileReference; fileEncoding = 4; lastKnownFileType = text.html; path = license.html; sourceTree = "<group>"; };
		030CBD551CDF2C1B003155E2 /* luaprofiler.png */ = {isa = PBXFileReference; lastKnownFileType = image.png; path = luaprofiler.png; sourceTree = "<group>"; };
		030CBD561CDF2C1B003155E2 /* manual.html */ = {isa = PBXFileReference; fileEncoding = 4; lastKnownFileType = text.html; path = manual.html; sourceTree = "<group>"; };
		030CBD571CDF2C1B003155E2 /* Makefile.darwin */ = {isa = PBXFileReference; fileEncoding = 4; lastKnownFileType = text; path = Makefile.darwin; sourceTree = "<group>"; };
		030CBD581CDF2C1B003155E2 /* Makefile.linux */ = {isa = PBXFileReference; fileEncoding = 4; lastKnownFileType = text; path = Makefile.linux; sourceTree = "<group>"; };
		030CBD591CDF2C1B003155E2 /* Makefile.win */ = {isa = PBXFileReference; fileEncoding = 4; lastKnownFileType = text; path = Makefile.win; sourceTree = "<group>"; };
		030CBD5A1CDF2C1B003155E2 /* README */ = {isa = PBXFileReference; fileEncoding = 4; lastKnownFileType = text; path = README; sourceTree = "<group>"; };
		030CBD5C1CDF2C1B003155E2 /* luaprofiler-2.0.1-1.rockspec */ = {isa = PBXFileReference; fileEncoding = 4; lastKnownFileType = text; path = "luaprofiler-2.0.1-1.rockspec"; sourceTree = "<group>"; };
		030CBD5D1CDF2C1B003155E2 /* luaprofiler-2.0.2-1.rockspec */ = {isa = PBXFileReference; fileEncoding = 4; lastKnownFileType = text; path = "luaprofiler-2.0.2-1.rockspec"; sourceTree = "<group>"; };
		030CBD5E1CDF2C1B003155E2 /* luaprofiler-2.0.2-2.rockspec */ = {isa = PBXFileReference; fileEncoding = 4; lastKnownFileType = text; path = "luaprofiler-2.0.2-2.rockspec"; sourceTree = "<group>"; };
		030CBD5F1CDF2C1B003155E2 /* luaprofiler-cvs-1.rockspec */ = {isa = PBXFileReference; fileEncoding = 4; lastKnownFileType = text; path = "luaprofiler-cvs-1.rockspec"; sourceTree = "<group>"; };
		030CBD621CDF2C1B003155E2 /* summary.lua */ = {isa = PBXFileReference; fileEncoding = 4; lastKnownFileType = text; path = summary.lua; sourceTree = "<group>"; };
		030CBD631CDF2C1B003155E2 /* clocks.c */ = {isa = PBXFileReference; fileEncoding = 4; lastKnownFileType = sourcecode.c.c; path = clocks.c; sourceTree = "<group>"; };
		030CBD641CDF2C1B003155E2 /* clocks.h */ = {isa = PBXFileReference; fileEncoding = 4; lastKnownFileType = sourcecode.c.h; path = clocks.h; sourceTree = "<group>"; };
		030CBD651CDF2C1B003155E2 /* core_profiler.c */ = {isa = PBXFileReference; fileEncoding = 4; lastKnownFileType = sourcecode.c.c; path = core_profiler.c; sourceTree = "<group>"; };
		030CBD661CDF2C1B003155E2 /* core_profiler.h */ = {isa = PBXFileReference; fileEncoding = 4; lastKnownFileType = sourcecode.c.h; path = core_profiler.h; sourceTree = "<group>"; };
		030CBD671CDF2C1B003155E2 /* function_meter.c */ = {isa = PBXFileReference; fileEncoding = 4; lastKnownFileType = sourcecode.c.c; path = function_meter.c; sourceTree = "<group>"; };
		030CBD681CDF2C1B003155E2 /* function_meter.h */ = {isa = PBXFileReference; fileEncoding = 4; lastKnownFileType = sourcecode.c.h; path = function_meter.h; sourceTree = "<group>"; };
		030CBD691CDF2C1B003155E2 /* lua50_profiler.c */ = {isa = PBXFileReference; fileEncoding = 4; lastKnownFileType = sourcecode.c.c; path = lua50_profiler.c; sourceTree = "<group>"; };
		030CBD6A1CDF2C1B003155E2 /* luaprofiler.h */ = {isa = PBXFileReference; fileEncoding = 4; lastKnownFileType = sourcecode.c.h; path = luaprofiler.h; sourceTree = "<group>"; };
		030CBD6B1CDF2C1B003155E2 /* profiler.def */ = {isa = PBXFileReference; fileEncoding = 4; lastKnownFileType = text; path = profiler.def; sourceTree = "<group>"; };
		030CBD6C1CDF2C1B003155E2 /* stack.c */ = {isa = PBXFileReference; fileEncoding = 4; lastKnownFileType = sourcecode.c.c; path = stack.c; sourceTree = "<group>"; };
		030CBD6D1CDF2C1B003155E2 /* stack.h */ = {isa = PBXFileReference; fileEncoding = 4; lastKnownFileType = sourcecode.c.h; path = stack.h; sourceTree = "<group>"; };
		030E49931C91B80A007360B7 /* Camera.lua */ = {isa = PBXFileReference; fileEncoding = 4; lastKnownFileType = text; path = Camera.lua; sourceTree = "<group>"; };
		0321064B1C7F492700AC515D /* WukongEngine.cpp */ = {isa = PBXFileReference; fileEncoding = 4; lastKnownFileType = sourcecode.cpp.cpp; path = WukongEngine.cpp; sourceTree = "<group>"; };
		0321064C1C7F492700AC515D /* WukongEngine.h */ = {isa = PBXFileReference; fileEncoding = 4; lastKnownFileType = sourcecode.c.h; path = WukongEngine.h; sourceTree = "<group>"; };
		0321064E1C7F492700AC515D /* Config.h */ = {isa = PBXFileReference; fileEncoding = 4; lastKnownFileType = sourcecode.c.h; path = Config.h; sourceTree = "<group>"; };
		0321064F1C7F492700AC515D /* Module.cpp */ = {isa = PBXFileReference; fileEncoding = 4; lastKnownFileType = sourcecode.cpp.cpp; path = Module.cpp; sourceTree = "<group>"; };
		032106501C7F492700AC515D /* Module.h */ = {isa = PBXFileReference; fileEncoding = 4; lastKnownFileType = sourcecode.c.h; path = Module.h; sourceTree = "<group>"; };
		032106511C7F492700AC515D /* Object.cpp */ = {isa = PBXFileReference; fileEncoding = 4; lastKnownFileType = sourcecode.cpp.cpp; path = Object.cpp; sourceTree = "<group>"; };
		032106521C7F492700AC515D /* Object.h */ = {isa = PBXFileReference; fileEncoding = 4; lastKnownFileType = sourcecode.c.h; path = Object.h; sourceTree = "<group>"; };
		032106541C7F492700AC515D /* TestService.lua */ = {isa = PBXFileReference; fileEncoding = 4; lastKnownFileType = text; path = TestService.lua; sourceTree = "<group>"; };
		032106571C7F492700AC515D /* lfs.c */ = {isa = PBXFileReference; fileEncoding = 4; lastKnownFileType = sourcecode.c.c; path = lfs.c; sourceTree = "<group>"; };
		032106581C7F492700AC515D /* lfs.h */ = {isa = PBXFileReference; fileEncoding = 4; lastKnownFileType = sourcecode.c.h; path = lfs.h; sourceTree = "<group>"; };
		0321065A1C7F492700AC515D /* MessageLoopModule.h */ = {isa = PBXFileReference; fileEncoding = 4; lastKnownFileType = sourcecode.c.h; path = MessageLoopModule.h; sourceTree = "<group>"; };
		0321065B1C7F492700AC515D /* MessageLoopModule_LuaBinding.cpp */ = {isa = PBXFileReference; fileEncoding = 4; lastKnownFileType = sourcecode.cpp.cpp; path = MessageLoopModule_LuaBinding.cpp; sourceTree = "<group>"; };
		0321065C1C7F492700AC515D /* MessageLoopModule_LuaBinding.h */ = {isa = PBXFileReference; fileEncoding = 4; lastKnownFileType = sourcecode.c.h; path = MessageLoopModule_LuaBinding.h; sourceTree = "<group>"; };
		0321065D1C7F492700AC515D /* MessageLoopMoudle.cpp */ = {isa = PBXFileReference; fileEncoding = 4; lastKnownFileType = sourcecode.cpp.cpp; path = MessageLoopMoudle.cpp; sourceTree = "<group>"; };
		0321065F1C7F492700AC515D /* Runtime.cpp */ = {isa = PBXFileReference; fileEncoding = 4; lastKnownFileType = sourcecode.cpp.cpp; path = Runtime.cpp; sourceTree = "<group>"; };
		032106601C7F492700AC515D /* Runtime.h */ = {isa = PBXFileReference; fileEncoding = 4; lastKnownFileType = sourcecode.c.h; path = Runtime.h; sourceTree = "<group>"; };
		032106611C7F492700AC515D /* Runtime_LuaBinding.cpp */ = {isa = PBXFileReference; fileEncoding = 4; lastKnownFileType = sourcecode.cpp.cpp; path = Runtime_LuaBinding.cpp; sourceTree = "<group>"; };
		032106621C7F492700AC515D /* Runtime_LuaBinding.h */ = {isa = PBXFileReference; fileEncoding = 4; lastKnownFileType = sourcecode.c.h; path = Runtime_LuaBinding.h; sourceTree = "<group>"; };
		0321066B1C7F492700AC515D /* TimeModule.cpp */ = {isa = PBXFileReference; fileEncoding = 4; lastKnownFileType = sourcecode.cpp.cpp; path = TimeModule.cpp; sourceTree = "<group>"; };
		0321066C1C7F492700AC515D /* TimeModule.h */ = {isa = PBXFileReference; fileEncoding = 4; lastKnownFileType = sourcecode.c.h; path = TimeModule.h; sourceTree = "<group>"; };
		0321066D1C7F492700AC515D /* TimeModule_LuaBinding.cpp */ = {isa = PBXFileReference; fileEncoding = 4; lastKnownFileType = sourcecode.cpp.cpp; path = TimeModule_LuaBinding.cpp; sourceTree = "<group>"; };
		0321066E1C7F492700AC515D /* TimeModule_LuaBinding.h */ = {isa = PBXFileReference; fileEncoding = 4; lastKnownFileType = sourcecode.c.h; path = TimeModule_LuaBinding.h; sourceTree = "<group>"; };
		032106701C7F492700AC515D /* boot.lua */ = {isa = PBXFileReference; fileEncoding = 4; lastKnownFileType = text; path = boot.lua; sourceTree = "<group>"; };
		032106721C7F492700AC515D /* Class.lua */ = {isa = PBXFileReference; fileEncoding = 4; lastKnownFileType = text; path = Class.lua; sourceTree = "<group>"; };
		032106731C7F492700AC515D /* Object.lua */ = {isa = PBXFileReference; fileEncoding = 4; lastKnownFileType = text; path = Object.lua; sourceTree = "<group>"; };
		032106751C7F492700AC515D /* Behaviour.lua */ = {isa = PBXFileReference; fileEncoding = 4; lastKnownFileType = text; path = Behaviour.lua; sourceTree = "<group>"; };
		032106761C7F492700AC515D /* Component.lua */ = {isa = PBXFileReference; fileEncoding = 4; lastKnownFileType = text; path = Component.lua; sourceTree = "<group>"; };
		032106771C7F492700AC515D /* Continuation.lua */ = {isa = PBXFileReference; fileEncoding = 4; lastKnownFileType = text; path = Continuation.lua; sourceTree = "<group>"; };
		032106781C7F492700AC515D /* Coroutine.lua */ = {isa = PBXFileReference; fileEncoding = 4; lastKnownFileType = text; path = Coroutine.lua; sourceTree = "<group>"; };
		032106791C7F492700AC515D /* Entity.lua */ = {isa = PBXFileReference; fileEncoding = 4; lastKnownFileType = text; path = Entity.lua; sourceTree = "<group>"; };
		0321067A1C7F492700AC515D /* GameObject.lua */ = {isa = PBXFileReference; fileEncoding = 4; lastKnownFileType = text; path = GameObject.lua; sourceTree = "<group>"; };
		0321067B1C7F492700AC515D /* Renderer.lua */ = {isa = PBXFileReference; fileEncoding = 4; lastKnownFileType = text; path = Renderer.lua; sourceTree = "<group>"; };
		0321067C1C7F492700AC515D /* Service.lua */ = {isa = PBXFileReference; fileEncoding = 4; lastKnownFileType = text; path = Service.lua; sourceTree = "<group>"; };
		0321067D1C7F492700AC515D /* Sprite.lua */ = {isa = PBXFileReference; fileEncoding = 4; lastKnownFileType = text; path = Sprite.lua; sourceTree = "<group>"; };
		032106821C7F492700AC515D /* IOBuffer.cpp */ = {isa = PBXFileReference; fileEncoding = 4; lastKnownFileType = sourcecode.cpp.cpp; path = IOBuffer.cpp; sourceTree = "<group>"; };
		032106831C7F492700AC515D /* IOBuffer.h */ = {isa = PBXFileReference; fileEncoding = 4; lastKnownFileType = sourcecode.c.h; path = IOBuffer.h; sourceTree = "<group>"; };
		032106851C7F492700AC515D /* Closure.h */ = {isa = PBXFileReference; fileEncoding = 4; lastKnownFileType = sourcecode.c.h; path = Closure.h; sourceTree = "<group>"; };
		032106861C7F492700AC515D /* ConcurrentTaskQueue.cpp */ = {isa = PBXFileReference; fileEncoding = 4; lastKnownFileType = sourcecode.cpp.cpp; path = ConcurrentTaskQueue.cpp; sourceTree = "<group>"; };
		032106871C7F492700AC515D /* ConcurrentTaskQueue.h */ = {isa = PBXFileReference; fileEncoding = 4; lastKnownFileType = sourcecode.c.h; path = ConcurrentTaskQueue.h; sourceTree = "<group>"; };
		032106881C7F492700AC515D /* MessageLoop.cpp */ = {isa = PBXFileReference; fileEncoding = 4; lastKnownFileType = sourcecode.cpp.cpp; path = MessageLoop.cpp; sourceTree = "<group>"; };
		032106891C7F492700AC515D /* MessageLoop.h */ = {isa = PBXFileReference; fileEncoding = 4; lastKnownFileType = sourcecode.c.h; path = MessageLoop.h; sourceTree = "<group>"; };
		0321068C1C7F492700AC515D /* Task.cpp */ = {isa = PBXFileReference; fileEncoding = 4; lastKnownFileType = sourcecode.cpp.cpp; path = Task.cpp; sourceTree = "<group>"; };
		0321068D1C7F492700AC515D /* Task.h */ = {isa = PBXFileReference; fileEncoding = 4; lastKnownFileType = sourcecode.c.h; path = Task.h; sourceTree = "<group>"; };
		0321068E1C7F492700AC515D /* Time.cpp */ = {isa = PBXFileReference; fileEncoding = 4; lastKnownFileType = sourcecode.cpp.cpp; path = Time.cpp; sourceTree = "<group>"; };
		0321068F1C7F492700AC515D /* Time.h */ = {isa = PBXFileReference; fileEncoding = 4; lastKnownFileType = sourcecode.c.h; path = Time.h; sourceTree = "<group>"; };
		032106911C7F492700AC515D /* Thread.cpp */ = {isa = PBXFileReference; fileEncoding = 4; lastKnownFileType = sourcecode.cpp.cpp; path = Thread.cpp; sourceTree = "<group>"; };
		032106921C7F492700AC515D /* Thread.h */ = {isa = PBXFileReference; fileEncoding = 4; lastKnownFileType = sourcecode.c.h; path = Thread.h; sourceTree = "<group>"; };
		032106941C7F492700AC515D /* Endian.cpp */ = {isa = PBXFileReference; fileEncoding = 4; lastKnownFileType = sourcecode.cpp.cpp; path = Endian.cpp; sourceTree = "<group>"; };
		032106951C7F492700AC515D /* Endian.h */ = {isa = PBXFileReference; fileEncoding = 4; lastKnownFileType = sourcecode.c.h; path = Endian.h; sourceTree = "<group>"; };
		032106961C7F492700AC515D /* IPAddress.cpp */ = {isa = PBXFileReference; fileEncoding = 4; lastKnownFileType = sourcecode.cpp.cpp; path = IPAddress.cpp; sourceTree = "<group>"; };
		032106971C7F492700AC515D /* IPAddress.h */ = {isa = PBXFileReference; fileEncoding = 4; lastKnownFileType = sourcecode.c.h; path = IPAddress.h; sourceTree = "<group>"; };
		032106981C7F492700AC515D /* Packer.cpp */ = {isa = PBXFileReference; fileEncoding = 4; lastKnownFileType = sourcecode.cpp.cpp; path = Packer.cpp; sourceTree = "<group>"; };
		032106991C7F492700AC515D /* Packer.h */ = {isa = PBXFileReference; fileEncoding = 4; lastKnownFileType = sourcecode.c.h; path = Packer.h; sourceTree = "<group>"; };
		0321069A1C7F492700AC515D /* Packet.cpp */ = {isa = PBXFileReference; fileEncoding = 4; lastKnownFileType = sourcecode.cpp.cpp; path = Packet.cpp; sourceTree = "<group>"; };
		0321069B1C7F492700AC515D /* Packet.h */ = {isa = PBXFileReference; fileEncoding = 4; lastKnownFileType = sourcecode.c.h; path = Packet.h; sourceTree = "<group>"; };
		0321069C1C7F492700AC515D /* SKBuffer.cpp */ = {isa = PBXFileReference; fileEncoding = 4; lastKnownFileType = sourcecode.cpp.cpp; path = SKBuffer.cpp; sourceTree = "<group>"; };
		0321069D1C7F492700AC515D /* SKBuffer.h */ = {isa = PBXFileReference; fileEncoding = 4; lastKnownFileType = sourcecode.c.h; path = SKBuffer.h; sourceTree = "<group>"; };
		0321069E1C7F492700AC515D /* TCPSession.cpp */ = {isa = PBXFileReference; fileEncoding = 4; lastKnownFileType = sourcecode.cpp.cpp; path = TCPSession.cpp; sourceTree = "<group>"; };
		0321069F1C7F492700AC515D /* TCPSession.h */ = {isa = PBXFileReference; fileEncoding = 4; lastKnownFileType = sourcecode.c.h; path = TCPSession.h; sourceTree = "<group>"; };
		032106A01C7F492700AC515D /* TCPSocket.cpp */ = {isa = PBXFileReference; fileEncoding = 4; lastKnownFileType = sourcecode.cpp.cpp; path = TCPSocket.cpp; sourceTree = "<group>"; };
		032106A11C7F492700AC515D /* TCPSocket.h */ = {isa = PBXFileReference; fileEncoding = 4; lastKnownFileType = sourcecode.c.h; path = TCPSocket.h; sourceTree = "<group>"; };
		0321FE661C7F434D00AC515D /* Wukong.app */ = {isa = PBXFileReference; explicitFileType = wrapper.application; includeInIndex = 0; path = Wukong.app; sourceTree = BUILT_PRODUCTS_DIR; };
		0321FE751C7F434D00AC515D /* Assets.xcassets */ = {isa = PBXFileReference; lastKnownFileType = folder.assetcatalog; path = Assets.xcassets; sourceTree = "<group>"; };
		0321FE7A1C7F434D00AC515D /* Info.plist */ = {isa = PBXFileReference; lastKnownFileType = text.plist.xml; path = Info.plist; sourceTree = "<group>"; };
		0321FEA81C7F479D00AC515D /* main.mm */ = {isa = PBXFileReference; fileEncoding = 4; lastKnownFileType = sourcecode.cpp.objcpp; path = main.mm; sourceTree = "<group>"; };
		0321FEAA1C7F47BD00AC515D /* SDL.xcodeproj */ = {isa = PBXFileReference; lastKnownFileType = "wrapper.pb-project"; name = SDL.xcodeproj; path = "../third_party/SDL/Xcode-iOS/SDL/SDL.xcodeproj"; sourceTree = "<group>"; };
		0321FEB51C7F480000AC515D /* QuartzCore.framework */ = {isa = PBXFileReference; lastKnownFileType = wrapper.framework; name = QuartzCore.framework; path = System/Library/Frameworks/QuartzCore.framework; sourceTree = SDKROOT; };
		0321FEB71C7F480800AC515D /* OpenGLES.framework */ = {isa = PBXFileReference; lastKnownFileType = wrapper.framework; name = OpenGLES.framework; path = System/Library/Frameworks/OpenGLES.framework; sourceTree = SDKROOT; };
		0321FEB91C7F481600AC515D /* GameController.framework */ = {isa = PBXFileReference; lastKnownFileType = wrapper.framework; name = GameController.framework; path = System/Library/Frameworks/GameController.framework; sourceTree = SDKROOT; };
		0321FEBB1C7F482000AC515D /* CoreGraphics.framework */ = {isa = PBXFileReference; lastKnownFileType = wrapper.framework; name = CoreGraphics.framework; path = System/Library/Frameworks/CoreGraphics.framework; sourceTree = SDKROOT; };
		0321FEBD1C7F482B00AC515D /* CoreMotion.framework */ = {isa = PBXFileReference; lastKnownFileType = wrapper.framework; name = CoreMotion.framework; path = System/Library/Frameworks/CoreMotion.framework; sourceTree = SDKROOT; };
		0321FEBF1C7F483400AC515D /* AudioToolbox.framework */ = {isa = PBXFileReference; lastKnownFileType = wrapper.framework; name = AudioToolbox.framework; path = System/Library/Frameworks/AudioToolbox.framework; sourceTree = SDKROOT; };
		032F266A1CD5C4A70012E3B0 /* LAudioClip.cpp */ = {isa = PBXFileReference; fileEncoding = 4; lastKnownFileType = sourcecode.cpp.cpp; path = LAudioClip.cpp; sourceTree = "<group>"; };
		032F266B1CD5C4A70012E3B0 /* LAudioClip.h */ = {isa = PBXFileReference; fileEncoding = 4; lastKnownFileType = sourcecode.c.h; path = LAudioClip.h; sourceTree = "<group>"; };
		032F266D1CD5CB050012E3B0 /* AudioSource.cpp */ = {isa = PBXFileReference; fileEncoding = 4; lastKnownFileType = sourcecode.cpp.cpp; path = AudioSource.cpp; sourceTree = "<group>"; };
		032F266E1CD5CB050012E3B0 /* AudioSource.h */ = {isa = PBXFileReference; fileEncoding = 4; lastKnownFileType = sourcecode.c.h; path = AudioSource.h; sourceTree = "<group>"; };
		032F26701CD5D1AE0012E3B0 /* LAudioSource.cpp */ = {isa = PBXFileReference; fileEncoding = 4; lastKnownFileType = sourcecode.cpp.cpp; path = LAudioSource.cpp; sourceTree = "<group>"; };
		032F26711CD5D1AE0012E3B0 /* LAudioSource.h */ = {isa = PBXFileReference; fileEncoding = 4; lastKnownFileType = sourcecode.c.h; path = LAudioSource.h; sourceTree = "<group>"; };
		034AED031CC7BE0600FE65AB /* LTexture.h */ = {isa = PBXFileReference; fileEncoding = 4; lastKnownFileType = sourcecode.c.h; path = LTexture.h; sourceTree = "<group>"; };
		034AED0A1CC7CB5500FE65AB /* Renderer.cpp */ = {isa = PBXFileReference; fileEncoding = 4; lastKnownFileType = sourcecode.cpp.cpp; path = Renderer.cpp; sourceTree = "<group>"; };
		034AED0B1CC7CB5500FE65AB /* Renderer.h */ = {isa = PBXFileReference; fileEncoding = 4; lastKnownFileType = sourcecode.c.h; path = Renderer.h; sourceTree = "<group>"; };
		035DE35E1C9AF0E60032BE07 /* Matrix3.lua */ = {isa = PBXFileReference; fileEncoding = 4; lastKnownFileType = text; path = Matrix3.lua; sourceTree = "<group>"; };
		035DE35F1C9AF0E60032BE07 /* Vector3.lua */ = {isa = PBXFileReference; fileEncoding = 4; lastKnownFileType = text; path = Vector3.lua; sourceTree = "<group>"; };
		03868E371CCFA79100978B51 /* AudioClip.cpp */ = {isa = PBXFileReference; fileEncoding = 4; lastKnownFileType = sourcecode.cpp.cpp; path = AudioClip.cpp; sourceTree = "<group>"; };
		03868E381CCFA79100978B51 /* AudioClip.h */ = {isa = PBXFileReference; fileEncoding = 4; lastKnownFileType = sourcecode.c.h; path = AudioClip.h; sourceTree = "<group>"; };
		039D14191CB6A5410076AD10 /* explosion.png */ = {isa = PBXFileReference; lastKnownFileType = image.png; path = explosion.png; sourceTree = "<group>"; };
		039D141A1CB6A5410076AD10 /* laser.png */ = {isa = PBXFileReference; lastKnownFileType = image.png; path = laser.png; sourceTree = "<group>"; };
		039D141E1CB6AB390076AD10 /* BulletBehaviour.lua */ = {isa = PBXFileReference; fileEncoding = 4; lastKnownFileType = text; path = BulletBehaviour.lua; sourceTree = "<group>"; };
		03AB8E571C83311E0054C593 /* SDL_image.xcodeproj */ = {isa = PBXFileReference; lastKnownFileType = "wrapper.pb-project"; name = SDL_image.xcodeproj; path = "../third_party/SDL2_image-2.0.1/Xcode-iOS/SDL_image.xcodeproj"; sourceTree = "<group>"; };
		03AB8E6B1C8336E60054C593 /* ImageIO.framework */ = {isa = PBXFileReference; lastKnownFileType = wrapper.framework; name = ImageIO.framework; path = System/Library/Frameworks/ImageIO.framework; sourceTree = SDKROOT; };
		03AB8E6E1C83372F0054C593 /* MobileCoreServices.framework */ = {isa = PBXFileReference; lastKnownFileType = wrapper.framework; name = MobileCoreServices.framework; path = System/Library/Frameworks/MobileCoreServices.framework; sourceTree = SDKROOT; };
		03BB55E41CC13CE4002A642D /* RenderService.lua */ = {isa = PBXFileReference; fileEncoding = 4; lastKnownFileType = text; path = RenderService.lua; sourceTree = "<group>"; };
		03BD8ECE1CBA1FAF00E2661C /* Ship.lua */ = {isa = PBXFileReference; fileEncoding = 4; lastKnownFileType = text; path = Ship.lua; sourceTree = "<group>"; };
		03BD8ED11CBA1FE100E2661C /* mineAnimation.png */ = {isa = PBXFileReference; lastKnownFileType = image.png; path = mineAnimation.png; sourceTree = "<group>"; };
		03BD8ED31CBA200200E2661C /* Touch.lua */ = {isa = PBXFileReference; fileEncoding = 4; lastKnownFileType = text; path = Touch.lua; sourceTree = "<group>"; };
		03BD8ED51CBA235100E2661C /* Background.lua */ = {isa = PBXFileReference; fileEncoding = 4; lastKnownFileType = text; path = Background.lua; sourceTree = "<group>"; };
		03BD8ED71CBA27D000E2661C /* Enemy.lua */ = {isa = PBXFileReference; fileEncoding = 4; lastKnownFileType = text; path = Enemy.lua; sourceTree = "<group>"; };
		03BD8ED81CBA27D000E2661C /* EnemyBehaviour.lua */ = {isa = PBXFileReference; fileEncoding = 4; lastKnownFileType = text; path = EnemyBehaviour.lua; sourceTree = "<group>"; };
		03BD8EDB1CBA72DD00E2661C /* Explosion.lua */ = {isa = PBXFileReference; fileEncoding = 4; lastKnownFileType = text; path = Explosion.lua; sourceTree = "<group>"; };
		03BD8EDC1CBA72DD00E2661C /* ExplosionBehaviour.lua */ = {isa = PBXFileReference; fileEncoding = 4; lastKnownFileType = text; path = ExplosionBehaviour.lua; sourceTree = "<group>"; };
		03BFB6921CC9158600832FC9 /* LTexture.cpp */ = {isa = PBXFileReference; fileEncoding = 4; lastKnownFileType = sourcecode.cpp.cpp; path = LTexture.cpp; sourceTree = "<group>"; };
		03C0DD2E1C818E840009D98F /* Foundation.framework */ = {isa = PBXFileReference; lastKnownFileType = wrapper.framework; name = Foundation.framework; path = System/Library/Frameworks/Foundation.framework; sourceTree = SDKROOT; };
		03C0DD301C818EAF0009D98F /* UIKit.framework */ = {isa = PBXFileReference; lastKnownFileType = wrapper.framework; name = UIKit.framework; path = System/Library/Frameworks/UIKit.framework; sourceTree = SDKROOT; };
		03C0DF651C82085D0009D98F /* libuv.xcodeproj */ = {isa = PBXFileReference; lastKnownFileType = "wrapper.pb-project"; name = libuv.xcodeproj; path = libuv/libuv.xcodeproj; sourceTree = "<group>"; };
		03C0DF6B1C8208690009D98F /* lua.xcodeproj */ = {isa = PBXFileReference; lastKnownFileType = "wrapper.pb-project"; name = lua.xcodeproj; path = lua/lua.xcodeproj; sourceTree = "<group>"; };
		03C0DF711C8208730009D98F /* luasdl2.xcodeproj */ = {isa = PBXFileReference; lastKnownFileType = "wrapper.pb-project"; name = luasdl2.xcodeproj; path = luasdl2/luasdl2.xcodeproj; sourceTree = "<group>"; };
		03C2419C1CB24F3200942D52 /* AABB.lua */ = {isa = PBXFileReference; fileEncoding = 4; lastKnownFileType = text; path = AABB.lua; sourceTree = "<group>"; };
		03C2419D1CB24F3200942D52 /* BroadPhase.lua */ = {isa = PBXFileReference; fileEncoding = 4; lastKnownFileType = text; path = BroadPhase.lua; sourceTree = "<group>"; };
		03C2419E1CB24F3200942D52 /* DynamicTree.lua */ = {isa = PBXFileReference; fileEncoding = 4; lastKnownFileType = text; path = DynamicTree.lua; sourceTree = "<group>"; };
		03C2419F1CB24F3200942D52 /* TreeNode.lua */ = {isa = PBXFileReference; fileEncoding = 4; lastKnownFileType = text; path = TreeNode.lua; sourceTree = "<group>"; };
		03C241A01CB24F3200942D52 /* Collision.lua */ = {isa = PBXFileReference; fileEncoding = 4; lastKnownFileType = text; path = Collision.lua; sourceTree = "<group>"; };
		03C241A11CB24F3200942D52 /* Stack.lua */ = {isa = PBXFileReference; fileEncoding = 4; lastKnownFileType = text; path = Stack.lua; sourceTree = "<group>"; };
		03CB95F01CA2E21D00166ACA /* BackgroundBehaviour.lua */ = {isa = PBXFileReference; fileEncoding = 4; lastKnownFileType = text; path = BackgroundBehaviour.lua; sourceTree = "<group>"; };
		03CB95F31CA2E5A000166ACA /* bgLayer1.png */ = {isa = PBXFileReference; lastKnownFileType = image.png; path = bgLayer1.png; sourceTree = "<group>"; };
		03CB95F41CA2E5A000166ACA /* bgLayer2.png */ = {isa = PBXFileReference; lastKnownFileType = image.png; path = bgLayer2.png; sourceTree = "<group>"; };
		03CB95F51CA2E5A000166ACA /* mainbackground.png */ = {isa = PBXFileReference; lastKnownFileType = image.png; path = mainbackground.png; sourceTree = "<group>"; };
		03CB95F61CA2E5A000166ACA /* shipAnimation.png */ = {isa = PBXFileReference; lastKnownFileType = image.png; path = shipAnimation.png; sourceTree = "<group>"; };
		03DD7A751CB5479E00BAB24A /* BoxCollider.lua */ = {isa = PBXFileReference; fileEncoding = 4; lastKnownFileType = text; path = BoxCollider.lua; sourceTree = "<group>"; };
		03DD7A761CB5479E00BAB24A /* Collider.lua */ = {isa = PBXFileReference; fileEncoding = 4; lastKnownFileType = text; path = Collider.lua; sourceTree = "<group>"; };
		03DE56941C8DB35B00B2FF61 /* main.lua */ = {isa = PBXFileReference; fileEncoding = 4; lastKnownFileType = text; path = main.lua; sourceTree = "<group>"; };
		03DE56951C8DB35B00B2FF61 /* ShipBehaviour.lua */ = {isa = PBXFileReference; fileEncoding = 4; lastKnownFileType = text; path = ShipBehaviour.lua; sourceTree = "<group>"; };
		03DE56991C8DB38A00B2FF61 /* Scene.lua */ = {isa = PBXFileReference; fileEncoding = 4; lastKnownFileType = text; path = Scene.lua; sourceTree = "<group>"; };
		03DE569A1C8DB38A00B2FF61 /* WukongEngine.lua */ = {isa = PBXFileReference; fileEncoding = 4; lastKnownFileType = text; path = WukongEngine.lua; sourceTree = "<group>"; };
		03DE569B1C8DB38A00B2FF61 /* Texture.lua */ = {isa = PBXFileReference; fileEncoding = 4; lastKnownFileType = text; path = Texture.lua; sourceTree = "<group>"; };
		03DE569C1C8DB38A00B2FF61 /* Transform.lua */ = {isa = PBXFileReference; fileEncoding = 4; lastKnownFileType = text; path = Transform.lua; sourceTree = "<group>"; };
		03E042901CC672EC009ADA73 /* ResourceModule.cpp */ = {isa = PBXFileReference; fileEncoding = 4; lastKnownFileType = sourcecode.cpp.cpp; path = ResourceModule.cpp; sourceTree = "<group>"; };
		03E042911CC672EC009ADA73 /* ResourceModule.h */ = {isa = PBXFileReference; fileEncoding = 4; lastKnownFileType = sourcecode.c.h; path = ResourceModule.h; sourceTree = "<group>"; };
		03E042941CC676DD009ADA73 /* Texture.cpp */ = {isa = PBXFileReference; fileEncoding = 4; lastKnownFileType = sourcecode.cpp.cpp; path = Texture.cpp; sourceTree = "<group>"; };
		03E042951CC676DD009ADA73 /* Texture.h */ = {isa = PBXFileReference; fileEncoding = 4; lastKnownFileType = sourcecode.c.h; path = Texture.h; sourceTree = "<group>"; };
		03E721E61CB7EFF0002F7B92 /* Bullet.lua */ = {isa = PBXFileReference; fileEncoding = 4; lastKnownFileType = text; path = Bullet.lua; sourceTree = "<group>"; };
		03ED9D0A1CD5E64C00162A7A /* AudioModule.cpp */ = {isa = PBXFileReference; fileEncoding = 4; lastKnownFileType = sourcecode.cpp.cpp; path = AudioModule.cpp; sourceTree = "<group>"; };
		03ED9D0B1CD5E64C00162A7A /* AudioModule.h */ = {isa = PBXFileReference; fileEncoding = 4; lastKnownFileType = sourcecode.c.h; path = AudioModule.h; sourceTree = "<group>"; };
		03ED9D0D1CD63E7300162A7A /* AudioModule_LuaBinding.cpp */ = {isa = PBXFileReference; fileEncoding = 4; lastKnownFileType = sourcecode.cpp.cpp; path = AudioModule_LuaBinding.cpp; sourceTree = "<group>"; };
		03ED9D0E1CD63E7300162A7A /* AudioModule_LuaBinding.h */ = {isa = PBXFileReference; fileEncoding = 4; lastKnownFileType = sourcecode.c.h; path = AudioModule_LuaBinding.h; sourceTree = "<group>"; };
		03ED9D101CD64ED300162A7A /* AudioClip.lua */ = {isa = PBXFileReference; fileEncoding = 4; lastKnownFileType = text; path = AudioClip.lua; sourceTree = "<group>"; };
		03ED9D111CD64ED300162A7A /* AudioService.lua */ = {isa = PBXFileReference; fileEncoding = 4; lastKnownFileType = text; path = AudioService.lua; sourceTree = "<group>"; };
		03ED9D121CD64ED300162A7A /* AudioSource.lua */ = {isa = PBXFileReference; fileEncoding = 4; lastKnownFileType = text; path = AudioSource.lua; sourceTree = "<group>"; };
		03ED9D161CD64F9E00162A7A /* explosion.wav */ = {isa = PBXFileReference; lastKnownFileType = audio.wav; path = explosion.wav; sourceTree = "<group>"; };
		03ED9D171CD64F9E00162A7A /* gameMusic.mp3 */ = {isa = PBXFileReference; lastKnownFileType = audio.mp3; path = gameMusic.mp3; sourceTree = "<group>"; };
		03ED9D181CD64F9E00162A7A /* laserFire.wav */ = {isa = PBXFileReference; lastKnownFileType = audio.wav; path = laserFire.wav; sourceTree = "<group>"; };
		03ED9D191CD64F9E00162A7A /* menuMusic.mp3 */ = {isa = PBXFileReference; lastKnownFileType = audio.mp3; path = menuMusic.mp3; sourceTree = "<group>"; };
		03F5A8951CC3C3A9009ED94F /* SDL_mixer.xcodeproj */ = {isa = PBXFileReference; lastKnownFileType = "wrapper.pb-project"; name = SDL_mixer.xcodeproj; path = "../third_party/SDL_mixer-1.2.12/Xcode-iOS/SDL_mixer.xcodeproj"; sourceTree = "<group>"; };
		03F953261CBFD62A007A4126 /* RenderModule.cpp */ = {isa = PBXFileReference; fileEncoding = 4; lastKnownFileType = sourcecode.cpp.cpp; path = RenderModule.cpp; sourceTree = "<group>"; };
		03F953271CBFD62A007A4126 /* RenderModule.h */ = {isa = PBXFileReference; fileEncoding = 4; lastKnownFileType = sourcecode.c.h; path = RenderModule.h; sourceTree = "<group>"; };
		03F953291CBFD790007A4126 /* RenderModule_LuaBinding.cpp */ = {isa = PBXFileReference; fileEncoding = 4; lastKnownFileType = sourcecode.cpp.cpp; path = RenderModule_LuaBinding.cpp; sourceTree = "<group>"; };
		03F9532A1CBFD790007A4126 /* RenderModule_LuaBinding.h */ = {isa = PBXFileReference; fileEncoding = 4; lastKnownFileType = sourcecode.c.h; path = RenderModule_LuaBinding.h; sourceTree = "<group>"; };
		03FDE8AB1C985B8600A7AF6E /* SpriteRenderer.lua */ = {isa = PBXFileReference; fileEncoding = 4; lastKnownFileType = text; path = SpriteRenderer.lua; sourceTree = "<group>"; };
/* End PBXFileReference section */

/* Begin PBXFrameworksBuildPhase section */
		0321FE631C7F434D00AC515D /* Frameworks */ = {
			isa = PBXFrameworksBuildPhase;
			buildActionMask = 2147483647;
			files = (
				030404031CDCEB4E00564EE1 /* libSDL_gfx.a in Frameworks */,
				03F5A8D31CC3D255009ED94F /* libSDL_mixer.a in Frameworks */,
				03AB8E6F1C83372F0054C593 /* MobileCoreServices.framework in Frameworks */,
				03AB8E6C1C8336E60054C593 /* ImageIO.framework in Frameworks */,
				03AB8E5E1C8331510054C593 /* libSDL2_image.a in Frameworks */,
				03C0DF771C8208B20009D98F /* liblua.a in Frameworks */,
				03C0DF781C8208B20009D98F /* libluasdl2.a in Frameworks */,
				03C0DF791C8208B20009D98F /* libuv.a in Frameworks */,
				03C0DD311C818EAF0009D98F /* UIKit.framework in Frameworks */,
				03C0DD2F1C818E840009D98F /* Foundation.framework in Frameworks */,
				0321FEC01C7F483400AC515D /* AudioToolbox.framework in Frameworks */,
				0321FEBE1C7F482B00AC515D /* CoreMotion.framework in Frameworks */,
				0321FEBC1C7F482000AC515D /* CoreGraphics.framework in Frameworks */,
				0321FEBA1C7F481600AC515D /* GameController.framework in Frameworks */,
				0321FEB81C7F480800AC515D /* OpenGLES.framework in Frameworks */,
				0321FEB61C7F480000AC515D /* QuartzCore.framework in Frameworks */,
				0321FEB31C7F47D100AC515D /* libSDL2.a in Frameworks */,
			);
			runOnlyForDeploymentPostprocessing = 0;
		};
/* End PBXFrameworksBuildPhase section */

/* Begin PBXGroup section */
		030403FD1CDCEB3400564EE1 /* Products */ = {
			isa = PBXGroup;
			children = (
				030404021CDCEB3400564EE1 /* libSDL_gfx.a */,
			);
			name = Products;
			sourceTree = "<group>";
		};
		030404061CDCEC4C00564EE1 /* nuklear */ = {
			isa = PBXGroup;
			children = (
				030404711CDCEC4C00564EE1 /* extra_font */,
				0304047D1CDCEC4C00564EE1 /* nuklear.h */,
				0304047E1CDCEC4C00564EE1 /* Readme.md */,
			);
			name = nuklear;
			path = ../../third_party/nuklear;
			sourceTree = "<group>";
		};
		030404711CDCEC4C00564EE1 /* extra_font */ = {
			isa = PBXGroup;
			children = (
				030404721CDCEC4C00564EE1 /* Cousine-Regular.ttf */,
				030404731CDCEC4C00564EE1 /* DroidSans.ttf */,
				030404741CDCEC4C00564EE1 /* Karla-Regular.ttf */,
				030404751CDCEC4C00564EE1 /* kenvector_future.ttf */,
				030404761CDCEC4C00564EE1 /* kenvector_future_thin.ttf */,
				030404771CDCEC4C00564EE1 /* ProggyClean.ttf */,
				030404781CDCEC4C00564EE1 /* ProggyTiny.ttf */,
				030404791CDCEC4C00564EE1 /* Raleway-Bold.ttf */,
				0304047A1CDCEC4C00564EE1 /* Roboto-Bold.ttf */,
				0304047B1CDCEC4C00564EE1 /* Roboto-Light.ttf */,
				0304047C1CDCEC4C00564EE1 /* Roboto-Regular.ttf */,
			);
			path = extra_font;
			sourceTree = "<group>";
		};
		030404D51CDCED1D00564EE1 /* gui */ = {
			isa = PBXGroup;
			children = (
				030404D61CDCED3F00564EE1 /* nuklear_sdl.h */,
			);
			name = gui;
			path = ../../gui;
			sourceTree = "<group>";
		};
		030CBD4D1CDF2C1B003155E2 /* luaprofiler */ = {
			isa = PBXGroup;
			children = (
				030CBD511CDF2C1B003155E2 /* doc */,
				030CBD571CDF2C1B003155E2 /* Makefile.darwin */,
				030CBD581CDF2C1B003155E2 /* Makefile.linux */,
				030CBD591CDF2C1B003155E2 /* Makefile.win */,
				030CBD5A1CDF2C1B003155E2 /* README */,
				030CBD5B1CDF2C1B003155E2 /* rockspec */,
				030CBD601CDF2C1B003155E2 /* src */,
			);
			name = luaprofiler;
			path = ../../third_party/luaprofiler;
			sourceTree = "<group>";
		};
		030CBD511CDF2C1B003155E2 /* doc */ = {
			isa = PBXGroup;
			children = (
				030CBD521CDF2C1B003155E2 /* us */,
			);
			path = doc;
			sourceTree = "<group>";
		};
		030CBD521CDF2C1B003155E2 /* us */ = {
			isa = PBXGroup;
			children = (
				030CBD531CDF2C1B003155E2 /* index.html */,
				030CBD541CDF2C1B003155E2 /* license.html */,
				030CBD551CDF2C1B003155E2 /* luaprofiler.png */,
				030CBD561CDF2C1B003155E2 /* manual.html */,
			);
			path = us;
			sourceTree = "<group>";
		};
		030CBD5B1CDF2C1B003155E2 /* rockspec */ = {
			isa = PBXGroup;
			children = (
				030CBD5C1CDF2C1B003155E2 /* luaprofiler-2.0.1-1.rockspec */,
				030CBD5D1CDF2C1B003155E2 /* luaprofiler-2.0.2-1.rockspec */,
				030CBD5E1CDF2C1B003155E2 /* luaprofiler-2.0.2-2.rockspec */,
				030CBD5F1CDF2C1B003155E2 /* luaprofiler-cvs-1.rockspec */,
			);
			path = rockspec;
			sourceTree = "<group>";
		};
		030CBD601CDF2C1B003155E2 /* src */ = {
			isa = PBXGroup;
			children = (
				030CBD611CDF2C1B003155E2 /* analyzer */,
				030CBD631CDF2C1B003155E2 /* clocks.c */,
				030CBD641CDF2C1B003155E2 /* clocks.h */,
				030CBD651CDF2C1B003155E2 /* core_profiler.c */,
				030CBD661CDF2C1B003155E2 /* core_profiler.h */,
				030CBD671CDF2C1B003155E2 /* function_meter.c */,
				030CBD681CDF2C1B003155E2 /* function_meter.h */,
				030CBD691CDF2C1B003155E2 /* lua50_profiler.c */,
				030CBD6A1CDF2C1B003155E2 /* luaprofiler.h */,
				030CBD6B1CDF2C1B003155E2 /* profiler.def */,
				030CBD6C1CDF2C1B003155E2 /* stack.c */,
				030CBD6D1CDF2C1B003155E2 /* stack.h */,
			);
			path = src;
			sourceTree = "<group>";
		};
		030CBD611CDF2C1B003155E2 /* analyzer */ = {
			isa = PBXGroup;
			children = (
				030CBD621CDF2C1B003155E2 /* summary.lua */,
			);
			path = analyzer;
			sourceTree = "<group>";
		};
		0321064A1C7F492700AC515D /* engine */ = {
			isa = PBXGroup;
			children = (
				0321064B1C7F492700AC515D /* WukongEngine.cpp */,
				0321064C1C7F492700AC515D /* WukongEngine.h */,
				0321064D1C7F492700AC515D /* common */,
				032106531C7F492700AC515D /* lua_service */,
				032106551C7F492700AC515D /* module */,
				0321066F1C7F492700AC515D /* script */,
			);
			name = engine;
			path = ../../engine;
			sourceTree = "<group>";
		};
		0321064D1C7F492700AC515D /* common */ = {
			isa = PBXGroup;
			children = (
				0321064E1C7F492700AC515D /* Config.h */,
				0321064F1C7F492700AC515D /* Module.cpp */,
				032106501C7F492700AC515D /* Module.h */,
				032106511C7F492700AC515D /* Object.cpp */,
				032106521C7F492700AC515D /* Object.h */,
				03E042941CC676DD009ADA73 /* Texture.cpp */,
				03E042951CC676DD009ADA73 /* Texture.h */,
				03BFB6921CC9158600832FC9 /* LTexture.cpp */,
				034AED031CC7BE0600FE65AB /* LTexture.h */,
				034AED0A1CC7CB5500FE65AB /* Renderer.cpp */,
				034AED0B1CC7CB5500FE65AB /* Renderer.h */,
				03868E371CCFA79100978B51 /* AudioClip.cpp */,
				03868E381CCFA79100978B51 /* AudioClip.h */,
				032F266A1CD5C4A70012E3B0 /* LAudioClip.cpp */,
				032F266B1CD5C4A70012E3B0 /* LAudioClip.h */,
				032F266D1CD5CB050012E3B0 /* AudioSource.cpp */,
				032F266E1CD5CB050012E3B0 /* AudioSource.h */,
				032F26701CD5D1AE0012E3B0 /* LAudioSource.cpp */,
				032F26711CD5D1AE0012E3B0 /* LAudioSource.h */,
				030CBD4A1CDF283C003155E2 /* GUI.cpp */,
				030CBD4B1CDF283C003155E2 /* GUI.h */,
			);
			path = common;
			sourceTree = "<group>";
		};
		032106531C7F492700AC515D /* lua_service */ = {
			isa = PBXGroup;
			children = (
				032106541C7F492700AC515D /* TestService.lua */,
			);
			path = lua_service;
			sourceTree = "<group>";
		};
		032106551C7F492700AC515D /* module */ = {
			isa = PBXGroup;
			children = (
				032F26691CD5C4710012E3B0 /* audio */,
				03E0428F1CC672C4009ADA73 /* resource */,
				0346869A1CC5210800476E1B /* renderer */,
				03F953241CBFD5DF007A4126 /* render */,
				032106561C7F492700AC515D /* filesystem */,
				032106591C7F492700AC515D /* message_loop */,
				0321065E1C7F492700AC515D /* runtime */,
				0321066A1C7F492700AC515D /* time */,
			);
			path = module;
			sourceTree = "<group>";
		};
		032106561C7F492700AC515D /* filesystem */ = {
			isa = PBXGroup;
			children = (
				032106571C7F492700AC515D /* lfs.c */,
				032106581C7F492700AC515D /* lfs.h */,
			);
			path = filesystem;
			sourceTree = "<group>";
		};
		032106591C7F492700AC515D /* message_loop */ = {
			isa = PBXGroup;
			children = (
				0321065A1C7F492700AC515D /* MessageLoopModule.h */,
				0321065D1C7F492700AC515D /* MessageLoopMoudle.cpp */,
				0321065B1C7F492700AC515D /* MessageLoopModule_LuaBinding.cpp */,
				0321065C1C7F492700AC515D /* MessageLoopModule_LuaBinding.h */,
			);
			path = message_loop;
			sourceTree = "<group>";
		};
		0321065E1C7F492700AC515D /* runtime */ = {
			isa = PBXGroup;
			children = (
				0321065F1C7F492700AC515D /* Runtime.cpp */,
				032106601C7F492700AC515D /* Runtime.h */,
				032106611C7F492700AC515D /* Runtime_LuaBinding.cpp */,
				032106621C7F492700AC515D /* Runtime_LuaBinding.h */,
			);
			path = runtime;
			sourceTree = "<group>";
		};
		0321066A1C7F492700AC515D /* time */ = {
			isa = PBXGroup;
			children = (
				0321066B1C7F492700AC515D /* TimeModule.cpp */,
				0321066C1C7F492700AC515D /* TimeModule.h */,
				0321066D1C7F492700AC515D /* TimeModule_LuaBinding.cpp */,
				0321066E1C7F492700AC515D /* TimeModule_LuaBinding.h */,
			);
			path = time;
			sourceTree = "<group>";
		};
		0321066F1C7F492700AC515D /* script */ = {
			isa = PBXGroup;
			children = (
				032106701C7F492700AC515D /* boot.lua */,
				032106711C7F492700AC515D /* OO */,
				032106741C7F492700AC515D /* WuKongEngine */,
			);
			path = script;
			sourceTree = "<group>";
		};
		032106711C7F492700AC515D /* OO */ = {
			isa = PBXGroup;
			children = (
				032106721C7F492700AC515D /* Class.lua */,
				032106731C7F492700AC515D /* Object.lua */,
			);
			path = OO;
			sourceTree = "<group>";
		};
		032106741C7F492700AC515D /* WuKongEngine */ = {
			isa = PBXGroup;
			children = (
				03ED9D101CD64ED300162A7A /* AudioClip.lua */,
				03ED9D111CD64ED300162A7A /* AudioService.lua */,
				03ED9D121CD64ED300162A7A /* AudioSource.lua */,
				03BB55E41CC13CE4002A642D /* RenderService.lua */,
				03BD8ED31CBA200200E2661C /* Touch.lua */,
				03DD7A751CB5479E00BAB24A /* BoxCollider.lua */,
				03DD7A761CB5479E00BAB24A /* Collider.lua */,
				03C2419C1CB24F3200942D52 /* AABB.lua */,
				03C2419D1CB24F3200942D52 /* BroadPhase.lua */,
				03C2419E1CB24F3200942D52 /* DynamicTree.lua */,
				03C2419F1CB24F3200942D52 /* TreeNode.lua */,
				03C241A01CB24F3200942D52 /* Collision.lua */,
				03C241A11CB24F3200942D52 /* Stack.lua */,
				035DE35E1C9AF0E60032BE07 /* Matrix3.lua */,
				035DE35F1C9AF0E60032BE07 /* Vector3.lua */,
				03FDE8AB1C985B8600A7AF6E /* SpriteRenderer.lua */,
				030E49931C91B80A007360B7 /* Camera.lua */,
				03DE56991C8DB38A00B2FF61 /* Scene.lua */,
				03DE569A1C8DB38A00B2FF61 /* WukongEngine.lua */,
				03DE569B1C8DB38A00B2FF61 /* Texture.lua */,
				03DE569C1C8DB38A00B2FF61 /* Transform.lua */,
				032106751C7F492700AC515D /* Behaviour.lua */,
				032106761C7F492700AC515D /* Component.lua */,
				032106771C7F492700AC515D /* Continuation.lua */,
				032106781C7F492700AC515D /* Coroutine.lua */,
				032106791C7F492700AC515D /* Entity.lua */,
				0321067A1C7F492700AC515D /* GameObject.lua */,
				0321067B1C7F492700AC515D /* Renderer.lua */,
				0321067C1C7F492700AC515D /* Service.lua */,
				0321067D1C7F492700AC515D /* Sprite.lua */,
			);
			path = WuKongEngine;
			sourceTree = "<group>";
		};
		0321067F1C7F492700AC515D /* base */ = {
			isa = PBXGroup;
			children = (
				032106821C7F492700AC515D /* IOBuffer.cpp */,
				032106831C7F492700AC515D /* IOBuffer.h */,
				032106841C7F492700AC515D /* message_loop */,
				032106901C7F492700AC515D /* thread */,
			);
			name = base;
			path = ../../base;
			sourceTree = "<group>";
		};
		032106841C7F492700AC515D /* message_loop */ = {
			isa = PBXGroup;
			children = (
				032106851C7F492700AC515D /* Closure.h */,
				032106861C7F492700AC515D /* ConcurrentTaskQueue.cpp */,
				032106871C7F492700AC515D /* ConcurrentTaskQueue.h */,
				032106881C7F492700AC515D /* MessageLoop.cpp */,
				032106891C7F492700AC515D /* MessageLoop.h */,
				0321068C1C7F492700AC515D /* Task.cpp */,
				0321068D1C7F492700AC515D /* Task.h */,
				0321068E1C7F492700AC515D /* Time.cpp */,
				0321068F1C7F492700AC515D /* Time.h */,
			);
			path = message_loop;
			sourceTree = "<group>";
		};
		032106901C7F492700AC515D /* thread */ = {
			isa = PBXGroup;
			children = (
				032106911C7F492700AC515D /* Thread.cpp */,
				032106921C7F492700AC515D /* Thread.h */,
			);
			path = thread;
			sourceTree = "<group>";
		};
		032106931C7F492700AC515D /* net */ = {
			isa = PBXGroup;
			children = (
				032106941C7F492700AC515D /* Endian.cpp */,
				032106951C7F492700AC515D /* Endian.h */,
				032106961C7F492700AC515D /* IPAddress.cpp */,
				032106971C7F492700AC515D /* IPAddress.h */,
				032106981C7F492700AC515D /* Packer.cpp */,
				032106991C7F492700AC515D /* Packer.h */,
				0321069A1C7F492700AC515D /* Packet.cpp */,
				0321069B1C7F492700AC515D /* Packet.h */,
				0321069C1C7F492700AC515D /* SKBuffer.cpp */,
				0321069D1C7F492700AC515D /* SKBuffer.h */,
				0321069E1C7F492700AC515D /* TCPSession.cpp */,
				0321069F1C7F492700AC515D /* TCPSession.h */,
				032106A01C7F492700AC515D /* TCPSocket.cpp */,
				032106A11C7F492700AC515D /* TCPSocket.h */,
			);
			name = net;
			path = ../../net;
			sourceTree = "<group>";
		};
		0321FE5D1C7F434D00AC515D = {
			isa = PBXGroup;
			children = (
				03AB8E6E1C83372F0054C593 /* MobileCoreServices.framework */,
				03AB8E6B1C8336E60054C593 /* ImageIO.framework */,
				03C0DD2E1C818E840009D98F /* Foundation.framework */,
				0321FEBF1C7F483400AC515D /* AudioToolbox.framework */,
				0321FEBD1C7F482B00AC515D /* CoreMotion.framework */,
				0321FEBB1C7F482000AC515D /* CoreGraphics.framework */,
				0321FEB91C7F481600AC515D /* GameController.framework */,
				0321FEB71C7F480800AC515D /* OpenGLES.framework */,
				0321FEB51C7F480000AC515D /* QuartzCore.framework */,
				03C0DD301C818EAF0009D98F /* UIKit.framework */,
				030403FC1CDCEB3400564EE1 /* SDL_gfx.xcodeproj */,
				03C0DF711C8208730009D98F /* luasdl2.xcodeproj */,
				03C0DF6B1C8208690009D98F /* lua.xcodeproj */,
				03C0DF651C82085D0009D98F /* libuv.xcodeproj */,
				03AB8E571C83311E0054C593 /* SDL_image.xcodeproj */,
				03F5A8951CC3C3A9009ED94F /* SDL_mixer.xcodeproj */,
				0321FEAA1C7F47BD00AC515D /* SDL.xcodeproj */,
				0321FE681C7F434D00AC515D /* Wukong */,
				0321FE671C7F434D00AC515D /* Products */,
			);
			sourceTree = "<group>";
		};
		0321FE671C7F434D00AC515D /* Products */ = {
			isa = PBXGroup;
			children = (
				0321FE661C7F434D00AC515D /* Wukong.app */,
			);
			name = Products;
			sourceTree = "<group>";
		};
		0321FE681C7F434D00AC515D /* Wukong */ = {
			isa = PBXGroup;
			children = (
				030404D51CDCED1D00564EE1 /* gui */,
				03868D9B1CCF364C00978B51 /* third_party */,
				03DE56931C8DB35B00B2FF61 /* top_gun */,
				0321067F1C7F492700AC515D /* base */,
				032106931C7F492700AC515D /* net */,
				0321064A1C7F492700AC515D /* engine */,
				0321FE751C7F434D00AC515D /* Assets.xcassets */,
				0321FE7A1C7F434D00AC515D /* Info.plist */,
				0321FE691C7F434D00AC515D /* Supporting Files */,
			);
			path = Wukong;
			sourceTree = "<group>";
		};
		0321FE691C7F434D00AC515D /* Supporting Files */ = {
			isa = PBXGroup;
			children = (
				0321FEA81C7F479D00AC515D /* main.mm */,
			);
			name = "Supporting Files";
			sourceTree = "<group>";
		};
		0321FEAB1C7F47BD00AC515D /* Products */ = {
			isa = PBXGroup;
			children = (
				0321FEB01C7F47BD00AC515D /* libSDL2.a */,
			);
			name = Products;
			sourceTree = "<group>";
		};
		032F26691CD5C4710012E3B0 /* audio */ = {
			isa = PBXGroup;
			children = (
				03ED9D0A1CD5E64C00162A7A /* AudioModule.cpp */,
				03ED9D0B1CD5E64C00162A7A /* AudioModule.h */,
				03ED9D0D1CD63E7300162A7A /* AudioModule_LuaBinding.cpp */,
				03ED9D0E1CD63E7300162A7A /* AudioModule_LuaBinding.h */,
			);
			path = audio;
			sourceTree = "<group>";
		};
		0346869A1CC5210800476E1B /* renderer */ = {
			isa = PBXGroup;
			children = (
			);
			path = renderer;
			sourceTree = "<group>";
		};
		03868D9B1CCF364C00978B51 /* third_party */ = {
			isa = PBXGroup;
			children = (
				030CBD4D1CDF2C1B003155E2 /* luaprofiler */,
				030404061CDCEC4C00564EE1 /* nuklear */,
			);
			name = third_party;
			sourceTree = "<group>";
		};
		03AB8E581C83311E0054C593 /* Products */ = {
			isa = PBXGroup;
			children = (
				03AB8E5D1C83311E0054C593 /* libSDL2_image.a */,
			);
			name = Products;
			sourceTree = "<group>";
		};
		03C0DF661C82085D0009D98F /* Products */ = {
			isa = PBXGroup;
			children = (
				03C0DF6A1C82085D0009D98F /* libuv.a */,
			);
			name = Products;
			sourceTree = "<group>";
		};
		03C0DF6C1C8208690009D98F /* Products */ = {
			isa = PBXGroup;
			children = (
				03C0DF701C8208690009D98F /* liblua.a */,
			);
			name = Products;
			sourceTree = "<group>";
		};
		03C0DF721C8208730009D98F /* Products */ = {
			isa = PBXGroup;
			children = (
				03C0DF761C8208730009D98F /* libluasdl2.a */,
			);
			name = Products;
			sourceTree = "<group>";
		};
		03DE56931C8DB35B00B2FF61 /* top_gun */ = {
			isa = PBXGroup;
			children = (
				03ED9D161CD64F9E00162A7A /* explosion.wav */,
				03ED9D171CD64F9E00162A7A /* gameMusic.mp3 */,
				03ED9D181CD64F9E00162A7A /* laserFire.wav */,
				03ED9D191CD64F9E00162A7A /* menuMusic.mp3 */,
				03BD8EDB1CBA72DD00E2661C /* Explosion.lua */,
				03BD8EDC1CBA72DD00E2661C /* ExplosionBehaviour.lua */,
				03BD8ED71CBA27D000E2661C /* Enemy.lua */,
				03BD8ED81CBA27D000E2661C /* EnemyBehaviour.lua */,
				03BD8ED51CBA235100E2661C /* Background.lua */,
				03BD8ED11CBA1FE100E2661C /* mineAnimation.png */,
				03BD8ECE1CBA1FAF00E2661C /* Ship.lua */,
				03E721E61CB7EFF0002F7B92 /* Bullet.lua */,
				039D141E1CB6AB390076AD10 /* BulletBehaviour.lua */,
				039D14191CB6A5410076AD10 /* explosion.png */,
				039D141A1CB6A5410076AD10 /* laser.png */,
				03CB95F31CA2E5A000166ACA /* bgLayer1.png */,
				03CB95F41CA2E5A000166ACA /* bgLayer2.png */,
				03CB95F51CA2E5A000166ACA /* mainbackground.png */,
				03CB95F61CA2E5A000166ACA /* shipAnimation.png */,
				03CB95F01CA2E21D00166ACA /* BackgroundBehaviour.lua */,
				03DE56941C8DB35B00B2FF61 /* main.lua */,
				03DE56951C8DB35B00B2FF61 /* ShipBehaviour.lua */,
			);
			name = top_gun;
			path = ../../top_gun;
			sourceTree = "<group>";
		};
		03E0428F1CC672C4009ADA73 /* resource */ = {
			isa = PBXGroup;
			children = (
				03E042901CC672EC009ADA73 /* ResourceModule.cpp */,
				03E042911CC672EC009ADA73 /* ResourceModule.h */,
			);
			path = resource;
			sourceTree = "<group>";
		};
		03F5A8961CC3C3A9009ED94F /* Products */ = {
			isa = PBXGroup;
			children = (
				03F5A89B1CC3C3A9009ED94F /* libSDL_mixer.a */,
			);
			name = Products;
			sourceTree = "<group>";
		};
		03F953241CBFD5DF007A4126 /* render */ = {
			isa = PBXGroup;
			children = (
				03F953261CBFD62A007A4126 /* RenderModule.cpp */,
				03F953271CBFD62A007A4126 /* RenderModule.h */,
				03F953291CBFD790007A4126 /* RenderModule_LuaBinding.cpp */,
				03F9532A1CBFD790007A4126 /* RenderModule_LuaBinding.h */,
			);
			path = render;
			sourceTree = "<group>";
		};
/* End PBXGroup section */

/* Begin PBXNativeTarget section */
		0321FE651C7F434D00AC515D /* Wukong */ = {
			isa = PBXNativeTarget;
			buildConfigurationList = 0321FE7D1C7F434D00AC515D /* Build configuration list for PBXNativeTarget "Wukong" */;
			buildPhases = (
				0321FE621C7F434D00AC515D /* Sources */,
				0321FE631C7F434D00AC515D /* Frameworks */,
				0321FE641C7F434D00AC515D /* Resources */,
			);
			buildRules = (
			);
			dependencies = (
				030404051CDCEB5C00564EE1 /* PBXTargetDependency */,
				03F5A8CF1CC3D1D5009ED94F /* PBXTargetDependency */,
				03AB8E601C83315A0054C593 /* PBXTargetDependency */,
				03C0DF7B1C8208C10009D98F /* PBXTargetDependency */,
				03C0DF7D1C8208C10009D98F /* PBXTargetDependency */,
				03C0DF7F1C8208C10009D98F /* PBXTargetDependency */,
				03C0DDC01C819A530009D98F /* PBXTargetDependency */,
			);
			name = Wukong;
			productName = Wukong;
			productReference = 0321FE661C7F434D00AC515D /* Wukong.app */;
			productType = "com.apple.product-type.application";
		};
/* End PBXNativeTarget section */

/* Begin PBXProject section */
		0321FE5E1C7F434D00AC515D /* Project object */ = {
			isa = PBXProject;
			attributes = {
				LastUpgradeCheck = 0720;
				ORGANIZATIONNAME = Xuhui;
				TargetAttributes = {
					0321FE651C7F434D00AC515D = {
						CreatedOnToolsVersion = 7.2;
					};
				};
			};
			buildConfigurationList = 0321FE611C7F434D00AC515D /* Build configuration list for PBXProject "Wukong" */;
			compatibilityVersion = "Xcode 3.2";
			developmentRegion = English;
			hasScannedForEncodings = 0;
			knownRegions = (
				en,
				Base,
			);
			mainGroup = 0321FE5D1C7F434D00AC515D;
			productRefGroup = 0321FE671C7F434D00AC515D /* Products */;
			projectDirPath = "";
			projectReferences = (
				{
					ProductGroup = 03C0DF661C82085D0009D98F /* Products */;
					ProjectRef = 03C0DF651C82085D0009D98F /* libuv.xcodeproj */;
				},
				{
					ProductGroup = 03C0DF6C1C8208690009D98F /* Products */;
					ProjectRef = 03C0DF6B1C8208690009D98F /* lua.xcodeproj */;
				},
				{
					ProductGroup = 03C0DF721C8208730009D98F /* Products */;
					ProjectRef = 03C0DF711C8208730009D98F /* luasdl2.xcodeproj */;
				},
				{
					ProductGroup = 0321FEAB1C7F47BD00AC515D /* Products */;
					ProjectRef = 0321FEAA1C7F47BD00AC515D /* SDL.xcodeproj */;
				},
				{
					ProductGroup = 030403FD1CDCEB3400564EE1 /* Products */;
					ProjectRef = 030403FC1CDCEB3400564EE1 /* SDL_gfx.xcodeproj */;
				},
				{
					ProductGroup = 03AB8E581C83311E0054C593 /* Products */;
					ProjectRef = 03AB8E571C83311E0054C593 /* SDL_image.xcodeproj */;
				},
				{
					ProductGroup = 03F5A8961CC3C3A9009ED94F /* Products */;
					ProjectRef = 03F5A8951CC3C3A9009ED94F /* SDL_mixer.xcodeproj */;
				},
			);
			projectRoot = "";
			targets = (
				0321FE651C7F434D00AC515D /* Wukong */,
			);
		};
/* End PBXProject section */

/* Begin PBXReferenceProxy section */
		030404021CDCEB3400564EE1 /* libSDL_gfx.a */ = {
			isa = PBXReferenceProxy;
			fileType = archive.ar;
			path = libSDL_gfx.a;
			remoteRef = 030404011CDCEB3400564EE1 /* PBXContainerItemProxy */;
			sourceTree = BUILT_PRODUCTS_DIR;
		};
		0321FEB01C7F47BD00AC515D /* libSDL2.a */ = {
			isa = PBXReferenceProxy;
			fileType = archive.ar;
			path = libSDL2.a;
			remoteRef = 0321FEAF1C7F47BD00AC515D /* PBXContainerItemProxy */;
			sourceTree = BUILT_PRODUCTS_DIR;
		};
		03AB8E5D1C83311E0054C593 /* libSDL2_image.a */ = {
			isa = PBXReferenceProxy;
			fileType = archive.ar;
			path = libSDL2_image.a;
			remoteRef = 03AB8E5C1C83311E0054C593 /* PBXContainerItemProxy */;
			sourceTree = BUILT_PRODUCTS_DIR;
		};
		03C0DF6A1C82085D0009D98F /* libuv.a */ = {
			isa = PBXReferenceProxy;
			fileType = archive.ar;
			path = libuv.a;
			remoteRef = 03C0DF691C82085D0009D98F /* PBXContainerItemProxy */;
			sourceTree = BUILT_PRODUCTS_DIR;
		};
		03C0DF701C8208690009D98F /* liblua.a */ = {
			isa = PBXReferenceProxy;
			fileType = archive.ar;
			path = liblua.a;
			remoteRef = 03C0DF6F1C8208690009D98F /* PBXContainerItemProxy */;
			sourceTree = BUILT_PRODUCTS_DIR;
		};
		03C0DF761C8208730009D98F /* libluasdl2.a */ = {
			isa = PBXReferenceProxy;
			fileType = archive.ar;
			path = libluasdl2.a;
			remoteRef = 03C0DF751C8208730009D98F /* PBXContainerItemProxy */;
			sourceTree = BUILT_PRODUCTS_DIR;
		};
		03F5A89B1CC3C3A9009ED94F /* libSDL_mixer.a */ = {
			isa = PBXReferenceProxy;
			fileType = archive.ar;
			path = libSDL_mixer.a;
			remoteRef = 03F5A89A1CC3C3A9009ED94F /* PBXContainerItemProxy */;
			sourceTree = BUILT_PRODUCTS_DIR;
		};
/* End PBXReferenceProxy section */

/* Begin PBXResourcesBuildPhase section */
		0321FE641C7F434D00AC515D /* Resources */ = {
			isa = PBXResourcesBuildPhase;
			buildActionMask = 2147483647;
			files = (
				03ED9D1A1CD64F9E00162A7A /* explosion.wav in Resources */,
				03CB95F11CA2E21D00166ACA /* BackgroundBehaviour.lua in Resources */,
				03DE569F1C8DB38A00B2FF61 /* Texture.lua in Resources */,
				03210B6C1C7F492800AC515D /* Component.lua in Resources */,
				03DD7A781CB5479E00BAB24A /* Collider.lua in Resources */,
				030CBD741CDF2C1B003155E2 /* manual.html in Resources */,
				030404CF1CDCEC4C00564EE1 /* ProggyTiny.ttf in Resources */,
				03210B5D1C7F492800AC515D /* TestService.lua in Resources */,
				030CBD781CDF2C1B003155E2 /* README in Resources */,
				030CBD7A1CDF2C1B003155E2 /* luaprofiler-2.0.2-1.rockspec in Resources */,
				03DD7A771CB5479E00BAB24A /* BoxCollider.lua in Resources */,
				030E49941C91B80A007360B7 /* Camera.lua in Resources */,
				03210B711C7F492800AC515D /* Renderer.lua in Resources */,
				03CB95FA1CA2E5A000166ACA /* shipAnimation.png in Resources */,
				030404C91CDCEC4C00564EE1 /* Cousine-Regular.ttf in Resources */,
				030404D11CDCEC4C00564EE1 /* Roboto-Bold.ttf in Resources */,
				039D141B1CB6A5410076AD10 /* explosion.png in Resources */,
				03210B721C7F492800AC515D /* Service.lua in Resources */,
				03DE56A01C8DB38A00B2FF61 /* Transform.lua in Resources */,
				030404CA1CDCEC4C00564EE1 /* DroidSans.ttf in Resources */,
				030CBD7D1CDF2C1B003155E2 /* summary.lua in Resources */,
				03DE56971C8DB35B00B2FF61 /* ShipBehaviour.lua in Resources */,
				030CBD761CDF2C1B003155E2 /* Makefile.linux in Resources */,
				03210B6D1C7F492800AC515D /* Continuation.lua in Resources */,
				030CBD711CDF2C1B003155E2 /* index.html in Resources */,
				03CB95F91CA2E5A000166ACA /* mainbackground.png in Resources */,
				030CBD7B1CDF2C1B003155E2 /* luaprofiler-2.0.2-2.rockspec in Resources */,
				030CBD751CDF2C1B003155E2 /* Makefile.darwin in Resources */,
				030CBD771CDF2C1B003155E2 /* Makefile.win in Resources */,
				03210B6B1C7F492800AC515D /* Behaviour.lua in Resources */,
				030404CE1CDCEC4C00564EE1 /* ProggyClean.ttf in Resources */,
				03CB95F81CA2E5A000166ACA /* bgLayer2.png in Resources */,
				03210B6A1C7F492800AC515D /* Object.lua in Resources */,
				03BD8ED61CBA235100E2661C /* Background.lua in Resources */,
				03ED9D131CD64ED300162A7A /* AudioClip.lua in Resources */,
				03210B691C7F492800AC515D /* Class.lua in Resources */,
				030CBD791CDF2C1B003155E2 /* luaprofiler-2.0.1-1.rockspec in Resources */,
				03C241A71CB24F3200942D52 /* Stack.lua in Resources */,
				03ED9D151CD64ED300162A7A /* AudioSource.lua in Resources */,
				035DE3611C9AF0E60032BE07 /* Vector3.lua in Resources */,
				0321FE761C7F434D00AC515D /* Assets.xcassets in Resources */,
				03CB95F71CA2E5A000166ACA /* bgLayer1.png in Resources */,
				030CBD721CDF2C1B003155E2 /* license.html in Resources */,
				03BD8EDD1CBA72DD00E2661C /* Explosion.lua in Resources */,
				030404D21CDCEC4C00564EE1 /* Roboto-Light.ttf in Resources */,
				03ED9D1B1CD64F9E00162A7A /* gameMusic.mp3 in Resources */,
				03FDE8AC1C985B8600A7AF6E /* SpriteRenderer.lua in Resources */,
				03ED9D1C1CD64F9E00162A7A /* laserFire.wav in Resources */,
				030404CD1CDCEC4C00564EE1 /* kenvector_future_thin.ttf in Resources */,
				03ED9D1D1CD64F9E00162A7A /* menuMusic.mp3 in Resources */,
				03210B6E1C7F492800AC515D /* Coroutine.lua in Resources */,
				03BD8EDE1CBA72DD00E2661C /* ExplosionBehaviour.lua in Resources */,
				03C241A31CB24F3200942D52 /* BroadPhase.lua in Resources */,
				03210B681C7F492800AC515D /* boot.lua in Resources */,
				030404D31CDCEC4C00564EE1 /* Roboto-Regular.ttf in Resources */,
				03DE569D1C8DB38A00B2FF61 /* Scene.lua in Resources */,
				03BD8ED41CBA200200E2661C /* Touch.lua in Resources */,
				039D141C1CB6A5410076AD10 /* laser.png in Resources */,
				03DE569E1C8DB38A00B2FF61 /* WukongEngine.lua in Resources */,
				03ED9D141CD64ED300162A7A /* AudioService.lua in Resources */,
				03BB55E51CC13CE4002A642D /* RenderService.lua in Resources */,
				030404D01CDCEC4C00564EE1 /* Raleway-Bold.ttf in Resources */,
				030CBD821CDF2C1B003155E2 /* profiler.def in Resources */,
				03C241A61CB24F3200942D52 /* Collision.lua in Resources */,
				03E721E71CB7EFF0002F7B92 /* Bullet.lua in Resources */,
				03210B6F1C7F492800AC515D /* Entity.lua in Resources */,
				030404CC1CDCEC4C00564EE1 /* kenvector_future.ttf in Resources */,
				030404CB1CDCEC4C00564EE1 /* Karla-Regular.ttf in Resources */,
				03210B731C7F492800AC515D /* Sprite.lua in Resources */,
				03BD8ED21CBA1FE100E2661C /* mineAnimation.png in Resources */,
				03C241A41CB24F3200942D52 /* DynamicTree.lua in Resources */,
				03BD8ED91CBA27D000E2661C /* Enemy.lua in Resources */,
				03210B701C7F492800AC515D /* GameObject.lua in Resources */,
				035DE3601C9AF0E60032BE07 /* Matrix3.lua in Resources */,
				03BD8EDA1CBA27D000E2661C /* EnemyBehaviour.lua in Resources */,
				03C241A21CB24F3200942D52 /* AABB.lua in Resources */,
				03BD8ECF1CBA1FAF00E2661C /* Ship.lua in Resources */,
				030CBD7C1CDF2C1B003155E2 /* luaprofiler-cvs-1.rockspec in Resources */,
				03DE56961C8DB35B00B2FF61 /* main.lua in Resources */,
				039D141F1CB6AB390076AD10 /* BulletBehaviour.lua in Resources */,
				03C241A51CB24F3200942D52 /* TreeNode.lua in Resources */,
				030CBD731CDF2C1B003155E2 /* luaprofiler.png in Resources */,
			);
			runOnlyForDeploymentPostprocessing = 0;
		};
/* End PBXResourcesBuildPhase section */

/* Begin PBXSourcesBuildPhase section */
		0321FE621C7F434D00AC515D /* Sources */ = {
			isa = PBXSourcesBuildPhase;
			buildActionMask = 2147483647;
			files = (
				030CBD831CDF2C1B003155E2 /* stack.c in Sources */,
				03210B621C7F492800AC515D /* Runtime_LuaBinding.cpp in Sources */,
				03E042961CC676DD009ADA73 /* Texture.cpp in Sources */,
				03210B5A1C7F492800AC515D /* WukongEngine.cpp in Sources */,
				03210B7E1C7F492800AC515D /* IPAddress.cpp in Sources */,
				030CBD811CDF2C1B003155E2 /* lua50_profiler.c in Sources */,
				03868E391CCFA79100978B51 /* AudioClip.cpp in Sources */,
				032F266C1CD5C4A70012E3B0 /* LAudioClip.cpp in Sources */,
				03210B5E1C7F492800AC515D /* lfs.c in Sources */,
				032F266F1CD5CB050012E3B0 /* AudioSource.cpp in Sources */,
				03210B5B1C7F492800AC515D /* Module.cpp in Sources */,
				030CBD7E1CDF2C1B003155E2 /* clocks.c in Sources */,
				034AED0C1CC7CB5500FE65AB /* Renderer.cpp in Sources */,
				032F26721CD5D1AE0012E3B0 /* LAudioSource.cpp in Sources */,
				030404D41CDCEC4C00564EE1 /* Readme.md in Sources */,
				03210B7D1C7F492800AC515D /* Endian.cpp in Sources */,
				03210B601C7F492800AC515D /* MessageLoopMoudle.cpp in Sources */,
				03210B801C7F492800AC515D /* Packet.cpp in Sources */,
				0321FEA91C7F479D00AC515D /* main.mm in Sources */,
				03ED9D0F1CD63E7300162A7A /* AudioModule_LuaBinding.cpp in Sources */,
				030CBD4C1CDF283C003155E2 /* GUI.cpp in Sources */,
				030CBD7F1CDF2C1B003155E2 /* core_profiler.c in Sources */,
				03210B5F1C7F492800AC515D /* MessageLoopModule_LuaBinding.cpp in Sources */,
				03F9532B1CBFD790007A4126 /* RenderModule_LuaBinding.cpp in Sources */,
				03BFB6931CC9158600832FC9 /* LTexture.cpp in Sources */,
				03210B781C7F492800AC515D /* MessageLoop.cpp in Sources */,
				03F953281CBFD62A007A4126 /* RenderModule.cpp in Sources */,
				03210B7B1C7F492800AC515D /* Time.cpp in Sources */,
				03210B5C1C7F492800AC515D /* Object.cpp in Sources */,
				03E042921CC672EC009ADA73 /* ResourceModule.cpp in Sources */,
				03210B821C7F492800AC515D /* TCPSession.cpp in Sources */,
				03210B7F1C7F492800AC515D /* Packer.cpp in Sources */,
				03210B611C7F492800AC515D /* Runtime.cpp in Sources */,
				03210B7A1C7F492800AC515D /* Task.cpp in Sources */,
				03ED9D0C1CD5E64C00162A7A /* AudioModule.cpp in Sources */,
				03210B771C7F492800AC515D /* ConcurrentTaskQueue.cpp in Sources */,
				03210B811C7F492800AC515D /* SKBuffer.cpp in Sources */,
				03210B671C7F492800AC515D /* TimeModule_LuaBinding.cpp in Sources */,
				03210B661C7F492800AC515D /* TimeModule.cpp in Sources */,
				03210B831C7F492800AC515D /* TCPSocket.cpp in Sources */,
				030CBD801CDF2C1B003155E2 /* function_meter.c in Sources */,
				03210B7C1C7F492800AC515D /* Thread.cpp in Sources */,
				03210B761C7F492800AC515D /* IOBuffer.cpp in Sources */,
			);
			runOnlyForDeploymentPostprocessing = 0;
		};
/* End PBXSourcesBuildPhase section */

/* Begin PBXTargetDependency section */
		030404051CDCEB5C00564EE1 /* PBXTargetDependency */ = {
			isa = PBXTargetDependency;
			name = SDL_gfx;
			targetProxy = 030404041CDCEB5C00564EE1 /* PBXContainerItemProxy */;
		};
		03AB8E601C83315A0054C593 /* PBXTargetDependency */ = {
			isa = PBXTargetDependency;
			name = libSDL_image;
			targetProxy = 03AB8E5F1C83315A0054C593 /* PBXContainerItemProxy */;
		};
		03C0DDC01C819A530009D98F /* PBXTargetDependency */ = {
			isa = PBXTargetDependency;
			name = libSDL;
			targetProxy = 03C0DDBF1C819A530009D98F /* PBXContainerItemProxy */;
		};
		03C0DF7B1C8208C10009D98F /* PBXTargetDependency */ = {
			isa = PBXTargetDependency;
			name = luasdl2;
			targetProxy = 03C0DF7A1C8208C10009D98F /* PBXContainerItemProxy */;
		};
		03C0DF7D1C8208C10009D98F /* PBXTargetDependency */ = {
			isa = PBXTargetDependency;
			name = lua;
			targetProxy = 03C0DF7C1C8208C10009D98F /* PBXContainerItemProxy */;
		};
		03C0DF7F1C8208C10009D98F /* PBXTargetDependency */ = {
			isa = PBXTargetDependency;
			name = uv;
			targetProxy = 03C0DF7E1C8208C10009D98F /* PBXContainerItemProxy */;
		};
		03F5A8CF1CC3D1D5009ED94F /* PBXTargetDependency */ = {
			isa = PBXTargetDependency;
			name = "Static Library";
			targetProxy = 03F5A8CE1CC3D1D5009ED94F /* PBXContainerItemProxy */;
		};
/* End PBXTargetDependency section */

/* Begin XCBuildConfiguration section */
		0321FE7B1C7F434D00AC515D /* Debug */ = {
			isa = XCBuildConfiguration;
			buildSettings = {
				ALWAYS_SEARCH_USER_PATHS = NO;
				CLANG_CXX_LANGUAGE_STANDARD = "gnu++0x";
				CLANG_CXX_LIBRARY = "libc++";
				CLANG_ENABLE_MODULES = YES;
				CLANG_ENABLE_OBJC_ARC = YES;
				CLANG_WARN_BOOL_CONVERSION = YES;
				CLANG_WARN_CONSTANT_CONVERSION = YES;
				CLANG_WARN_DIRECT_OBJC_ISA_USAGE = YES_ERROR;
				CLANG_WARN_EMPTY_BODY = YES;
				CLANG_WARN_ENUM_CONVERSION = YES;
				CLANG_WARN_INT_CONVERSION = YES;
				CLANG_WARN_OBJC_ROOT_CLASS = YES_ERROR;
				CLANG_WARN_UNREACHABLE_CODE = YES;
				CLANG_WARN__DUPLICATE_METHOD_MATCH = YES;
				"CODE_SIGN_IDENTITY[sdk=iphoneos*]" = "iPhone Developer";
				COPY_PHASE_STRIP = NO;
				DEBUG_INFORMATION_FORMAT = dwarf;
				ENABLE_STRICT_OBJC_MSGSEND = YES;
				ENABLE_TESTABILITY = YES;
				GCC_C_LANGUAGE_STANDARD = gnu99;
				GCC_DYNAMIC_NO_PIC = NO;
				GCC_NO_COMMON_BLOCKS = YES;
				GCC_OPTIMIZATION_LEVEL = 0;
				GCC_PREPROCESSOR_DEFINITIONS = (
					"DEBUG=1",
					"$(inherited)",
				);
				GCC_WARN_64_TO_32_BIT_CONVERSION = YES;
				GCC_WARN_ABOUT_RETURN_TYPE = YES_ERROR;
				GCC_WARN_UNDECLARED_SELECTOR = YES;
				GCC_WARN_UNINITIALIZED_AUTOS = YES_AGGRESSIVE;
				GCC_WARN_UNUSED_FUNCTION = YES;
				GCC_WARN_UNUSED_VARIABLE = YES;
				HEADER_SEARCH_PATHS = (
					"$(inherited)",
					../third_party/lua/src,
					../third_party/SDL/include,
				);
				IPHONEOS_DEPLOYMENT_TARGET = 9.2;
				MTL_ENABLE_DEBUG_INFO = YES;
				ONLY_ACTIVE_ARCH = YES;
				SDKROOT = iphoneos;
				USER_HEADER_SEARCH_PATHS = "../third_party/libuv/include/ ../third_party/luasdl2/src/ ../third_party/SDL/include ../third_party/SDL_mixer-1.2.12 ../third_party/SDL2_image-2.0.1 ../third_party/SDL2_gfx-1.0.1 ../third_party/nuklear";
			};
			name = Debug;
		};
		0321FE7C1C7F434D00AC515D /* Release */ = {
			isa = XCBuildConfiguration;
			buildSettings = {
				ALWAYS_SEARCH_USER_PATHS = NO;
				CLANG_CXX_LANGUAGE_STANDARD = "gnu++0x";
				CLANG_CXX_LIBRARY = "libc++";
				CLANG_ENABLE_MODULES = YES;
				CLANG_ENABLE_OBJC_ARC = YES;
				CLANG_WARN_BOOL_CONVERSION = YES;
				CLANG_WARN_CONSTANT_CONVERSION = YES;
				CLANG_WARN_DIRECT_OBJC_ISA_USAGE = YES_ERROR;
				CLANG_WARN_EMPTY_BODY = YES;
				CLANG_WARN_ENUM_CONVERSION = YES;
				CLANG_WARN_INT_CONVERSION = YES;
				CLANG_WARN_OBJC_ROOT_CLASS = YES_ERROR;
				CLANG_WARN_UNREACHABLE_CODE = YES;
				CLANG_WARN__DUPLICATE_METHOD_MATCH = YES;
				"CODE_SIGN_IDENTITY[sdk=iphoneos*]" = "iPhone Developer";
				COPY_PHASE_STRIP = NO;
				DEBUG_INFORMATION_FORMAT = "dwarf-with-dsym";
				ENABLE_NS_ASSERTIONS = NO;
				ENABLE_STRICT_OBJC_MSGSEND = YES;
				GCC_C_LANGUAGE_STANDARD = gnu99;
				GCC_NO_COMMON_BLOCKS = YES;
				GCC_WARN_64_TO_32_BIT_CONVERSION = YES;
				GCC_WARN_ABOUT_RETURN_TYPE = YES_ERROR;
				GCC_WARN_UNDECLARED_SELECTOR = YES;
				GCC_WARN_UNINITIALIZED_AUTOS = YES_AGGRESSIVE;
				GCC_WARN_UNUSED_FUNCTION = YES;
				GCC_WARN_UNUSED_VARIABLE = YES;
				HEADER_SEARCH_PATHS = (
					"$(inherited)",
					../third_party/lua/src,
					../third_party/SDL/include,
				);
				IPHONEOS_DEPLOYMENT_TARGET = 9.2;
				MTL_ENABLE_DEBUG_INFO = NO;
				SDKROOT = iphoneos;
				USER_HEADER_SEARCH_PATHS = "../third_party/libuv/include/ ../third_party/luasdl2/src/ ../third_party/SDL/include ../third_party/SDL_mixer-1.2.12 ../third_party/SDL2_image-2.0.1 ../third_party/SDL2_gfx-1.0.1 ../third_party/nuklear";
				VALIDATE_PRODUCT = YES;
			};
			name = Release;
		};
		0321FE7E1C7F434D00AC515D /* Debug */ = {
			isa = XCBuildConfiguration;
			buildSettings = {
				ASSETCATALOG_COMPILER_APPICON_NAME = AppIcon;
				HEADER_SEARCH_PATHS = (
					"$(inherited)",
					../third_party/lua/src,
					../third_party/SDL/include,
					../third_party/luasdl2,
				);
				INFOPLIST_FILE = Wukong/Info.plist;
				LD_RUNPATH_SEARCH_PATHS = "$(inherited) @executable_path/Frameworks";
				PRODUCT_BUNDLE_IDENTIFIER = com.netease.Wukong;
				PRODUCT_NAME = "$(TARGET_NAME)";
			};
			name = Debug;
		};
		0321FE7F1C7F434D00AC515D /* Release */ = {
			isa = XCBuildConfiguration;
			buildSettings = {
				ASSETCATALOG_COMPILER_APPICON_NAME = AppIcon;
				HEADER_SEARCH_PATHS = (
					"$(inherited)",
					../third_party/lua/src,
					../third_party/SDL/include,
					../third_party/luasdl2,
				);
				INFOPLIST_FILE = Wukong/Info.plist;
				LD_RUNPATH_SEARCH_PATHS = "$(inherited) @executable_path/Frameworks";
				PRODUCT_BUNDLE_IDENTIFIER = com.netease.Wukong;
				PRODUCT_NAME = "$(TARGET_NAME)";
			};
			name = Release;
		};
/* End XCBuildConfiguration section */

/* Begin XCConfigurationList section */
		0321FE611C7F434D00AC515D /* Build configuration list for PBXProject "Wukong" */ = {
			isa = XCConfigurationList;
			buildConfigurations = (
				0321FE7B1C7F434D00AC515D /* Debug */,
				0321FE7C1C7F434D00AC515D /* Release */,
			);
			defaultConfigurationIsVisible = 0;
			defaultConfigurationName = Release;
		};
		0321FE7D1C7F434D00AC515D /* Build configuration list for PBXNativeTarget "Wukong" */ = {
			isa = XCConfigurationList;
			buildConfigurations = (
				0321FE7E1C7F434D00AC515D /* Debug */,
				0321FE7F1C7F434D00AC515D /* Release */,
			);
			defaultConfigurationIsVisible = 0;
			defaultConfigurationName = Release;
		};
/* End XCConfigurationList section */
	};
	rootObject = 0321FE5E1C7F434D00AC515D /* Project object */;
}
